
Microsoft Visual Studio Solution File, Format Version 12.00
# Visual Studio 15
VisualStudioVersion = 15.0.26124.0
MinimumVisualStudioVersion = 15.0.26124.0
Project("{2150E333-8FDC-42A3-9474-1A3956D46DE8}") = "AppBar", "AppBar", "{6AFD1E9C-D89B-4385-8954-2BCEF239FA91}"
EndProject
Project("{FAE04EC0-301F-11D3-BF4B-00C04F79EFBC}") = "AppBar", "AppBar\src\AppBar.csproj", "{95D5904F-C4F1-40A2-A563-31D80424EB90}"
EndProject
Project("{2150E333-8FDC-42A3-9474-1A3956D46DE8}") = "Avatar", "Avatar", "{A79427DA-5F26-44B5-B1CC-262DD2C5D1C8}"
EndProject
Project("{FAE04EC0-301F-11D3-BF4B-00C04F79EFBC}") = "Avatar", "Avatar\src\Avatar.csproj", "{C127651A-9D2C-45A8-8BFF-1AD0EC6EC6B4}"
EndProject
Project("{2150E333-8FDC-42A3-9474-1A3956D46DE8}") = "Badge", "Badge", "{ADF14505-1C31-4298-A3F0-A0A10B625FB6}"
EndProject
Project("{FAE04EC0-301F-11D3-BF4B-00C04F79EFBC}") = "Badge", "Badge\src\Badge.csproj", "{7085607A-F314-4E78-9A0B-550B7CA489B4}"
EndProject
Project("{2150E333-8FDC-42A3-9474-1A3956D46DE8}") = "Baseline", "Baseline", "{578D1827-8AA5-4063-9F64-C71AA8DCE05A}"
EndProject
Project("{FAE04EC0-301F-11D3-BF4B-00C04F79EFBC}") = "Baseline", "Baseline\src\Baseline.csproj", "{810DDC7D-3C47-4ABD-8841-0637B9E17113}"
EndProject
Project("{2150E333-8FDC-42A3-9474-1A3956D46DE8}") = "Button", "Button", "{718B204D-35AD-45AB-B97A-897C9DD161E0}"
EndProject
Project("{FAE04EC0-301F-11D3-BF4B-00C04F79EFBC}") = "Button", "Button\src\Button.csproj", "{699B7D6A-974A-4B95-BED5-881299273AD7}"
EndProject
Project("{2150E333-8FDC-42A3-9474-1A3956D46DE8}") = "Card", "Card", "{FAFB2316-567C-4EC6-BEB4-33807B564176}"
EndProject
Project("{FAE04EC0-301F-11D3-BF4B-00C04F79EFBC}") = "Card", "Card\src\Card.csproj", "{87C033AF-505A-452A-AB09-BDD1C2A4ABD9}"
EndProject
Project("{2150E333-8FDC-42A3-9474-1A3956D46DE8}") = "Core", "Core", "{3B2A1184-FFAD-48FA-BF7F-7B08AA01EF06}"
EndProject
Project("{FAE04EC0-301F-11D3-BF4B-00C04F79EFBC}") = "Core", "Core\src\Core.csproj", "{75DFABBA-64FF-487F-8202-515F5689688B}"
EndProject
Project("{2150E333-8FDC-42A3-9474-1A3956D46DE8}") = "Dialog", "Dialog", "{4E10F99B-4634-4A70-B6C3-85E14A5586F8}"
EndProject
Project("{FAE04EC0-301F-11D3-BF4B-00C04F79EFBC}") = "Dialog", "Dialog\src\Dialog.csproj", "{D5FFADC1-E6D8-4621-B951-90C532D038C6}"
EndProject
Project("{2150E333-8FDC-42A3-9474-1A3956D46DE8}") = "Divider", "Divider", "{73CC9D71-1A01-47EC-AF08-61776B010C0D}"
EndProject
Project("{FAE04EC0-301F-11D3-BF4B-00C04F79EFBC}") = "Divider", "Divider\src\Divider.csproj", "{870F785D-77CD-457B-9E66-35A4B2B7B8AB}"
EndProject
Project("{2150E333-8FDC-42A3-9474-1A3956D46DE8}") = "Drawer", "Drawer", "{FCAB5732-E551-4234-B7D3-1C024D9F001D}"
EndProject
Project("{FAE04EC0-301F-11D3-BF4B-00C04F79EFBC}") = "Drawer", "Drawer\src\Drawer.csproj", "{76A6E39B-4F30-425F-898D-D57BF267744D}"
EndProject
Project("{2150E333-8FDC-42A3-9474-1A3956D46DE8}") = "Form", "Form", "{8E5B23F1-2E5B-4742-85E6-5FDDB8A0B57C}"
EndProject
Project("{FAE04EC0-301F-11D3-BF4B-00C04F79EFBC}") = "Form", "Form\src\Form.csproj", "{8EBD75C5-1585-46DC-A404-63B753519615}"
EndProject
Project("{2150E333-8FDC-42A3-9474-1A3956D46DE8}") = "Grid", "Grid", "{97BA516D-9F92-4CF8-945A-A0C83C40E976}"
EndProject
Project("{FAE04EC0-301F-11D3-BF4B-00C04F79EFBC}") = "Grid", "Grid\src\Grid.csproj", "{C3DBD328-644B-48FF-A7B5-366D14C06A16}"
EndProject
Project("{2150E333-8FDC-42A3-9474-1A3956D46DE8}") = "Icon", "Icon", "{C7745F6E-C0D4-439F-8FF0-8EF3261C9BD6}"
EndProject
Project("{FAE04EC0-301F-11D3-BF4B-00C04F79EFBC}") = "Icon", "Icon\src\Icon.csproj", "{73A476D1-59DF-422D-A652-C177A8D6F9CB}"
EndProject
Project("{2150E333-8FDC-42A3-9474-1A3956D46DE8}") = "Input", "Input", "{016C4DCC-1FEA-4A57-AA03-FD45E959AAC7}"
EndProject
Project("{FAE04EC0-301F-11D3-BF4B-00C04F79EFBC}") = "Input", "Input\src\Input.csproj", "{0A3D3090-C058-415F-8E81-CC151C903096}"
EndProject
Project("{2150E333-8FDC-42A3-9474-1A3956D46DE8}") = "List", "List", "{1C2BB0E9-08CC-4D1E-BFDE-33E681ACF252}"
EndProject
Project("{FAE04EC0-301F-11D3-BF4B-00C04F79EFBC}") = "List", "List\src\List.csproj", "{29E2F070-7168-4589-9BB3-2C6D771F1DCE}"
EndProject
Project("{2150E333-8FDC-42A3-9474-1A3956D46DE8}") = "Modal", "Modal", "{3655E570-B90D-468A-9AD0-9335473F9648}"
EndProject
Project("{FAE04EC0-301F-11D3-BF4B-00C04F79EFBC}") = "Modal", "Modal\src\Modal.csproj", "{6C776353-5380-4313-BCA2-6EFD06897AE5}"
EndProject
Project("{2150E333-8FDC-42A3-9474-1A3956D46DE8}") = "Paper", "Paper", "{AEF2D0DA-E928-4ADC-8C03-EB961F2EF5CA}"
EndProject
Project("{FAE04EC0-301F-11D3-BF4B-00C04F79EFBC}") = "Paper", "Paper\src\Paper.csproj", "{AC9A7B0D-21B4-450D-BB81-444917080C42}"
EndProject
Project("{2150E333-8FDC-42A3-9474-1A3956D46DE8}") = "Progress", "Progress", "{3E40A78B-A53A-4C70-BE0C-7ABD648C7334}"
EndProject
Project("{FAE04EC0-301F-11D3-BF4B-00C04F79EFBC}") = "Progress", "Progress\src\Progress.csproj", "{A5133B12-3021-4C73-A807-DD11AEC13726}"
EndProject
Project("{2150E333-8FDC-42A3-9474-1A3956D46DE8}") = "Script", "Script", "{55E87A10-16A2-43DA-89BD-8A5A22F6C718}"
EndProject
Project("{FAE04EC0-301F-11D3-BF4B-00C04F79EFBC}") = "Script", "Script\src\Script.csproj", "{B7006487-B9BC-46CF-8BA6-F46D37408519}"
EndProject
Project("{2150E333-8FDC-42A3-9474-1A3956D46DE8}") = "Selection", "Selection", "{E4E6B5F0-9094-4D10-8C67-B638F1EC6C33}"
EndProject
Project("{FAE04EC0-301F-11D3-BF4B-00C04F79EFBC}") = "Selection", "Selection\src\Selection.csproj", "{6DF48E34-0F0E-4AC9-83DD-5D9F17AEA14D}"
EndProject
Project("{2150E333-8FDC-42A3-9474-1A3956D46DE8}") = "Table", "Table", "{8874B5FC-5242-4D91-8599-E63F29DCD177}"
EndProject
Project("{FAE04EC0-301F-11D3-BF4B-00C04F79EFBC}") = "Table", "Table\src\Table.csproj", "{7A684008-0FAD-413A-B62B-3904B96280D3}"
EndProject
Project("{2150E333-8FDC-42A3-9474-1A3956D46DE8}") = "Text", "Text", "{4FF93FCF-61A7-4B71-9A49-4107D50CE632}"
EndProject
Project("{FAE04EC0-301F-11D3-BF4B-00C04F79EFBC}") = "Text", "Text\src\Text.csproj", "{510B3C4E-B388-4F4C-9FA8-DC5EA33B10A3}"
EndProject
Project("{2150E333-8FDC-42A3-9474-1A3956D46DE8}") = "Toolbar", "Toolbar", "{32A674BE-4C81-4768-8712-DA3ED72875C1}"
EndProject
Project("{FAE04EC0-301F-11D3-BF4B-00C04F79EFBC}") = "Toolbar", "Toolbar\src\Toolbar.csproj", "{4BB31449-F592-4711-BE3C-9A83B9659DE1}"
EndProject
Project("{2150E333-8FDC-42A3-9474-1A3956D46DE8}") = "Transition", "Transition", "{829E08D7-AFF6-4C6B-8293-FA386407A816}"
EndProject
Project("{FAE04EC0-301F-11D3-BF4B-00C04F79EFBC}") = "Transition", "Transition\src\Transition.csproj", "{684796FA-5163-4A0F-BF72-7691C12201FE}"
EndProject
Project("{2150E333-8FDC-42A3-9474-1A3956D46DE8}") = "Hidden", "Hidden", "{16DE7696-CEA2-45D7-BD75-B27D9E17092C}"
EndProject
Project("{FAE04EC0-301F-11D3-BF4B-00C04F79EFBC}") = "Hidden", "Hidden\src\Hidden.csproj", "{5288B89C-7599-4143-AF2D-2BF6B58D2BB6}"
EndProject
Project("{2150E333-8FDC-42A3-9474-1A3956D46DE8}") = "Theme", "Theme", "{7C2F0B86-FB12-476B-A09E-7D00AB535DEC}"
EndProject
Project("{FAE04EC0-301F-11D3-BF4B-00C04F79EFBC}") = "Theme", "Theme\src\Theme.csproj", "{E699F958-DAC0-4DC2-9477-907F56EC7B2A}"
EndProject
Project("{2150E333-8FDC-42A3-9474-1A3956D46DE8}") = "Menu", "Menu", "{1CA9394F-BEB3-47FC-A0DE-06891E83BA99}"
EndProject
Project("{FAE04EC0-301F-11D3-BF4B-00C04F79EFBC}") = "Menu", "Menu\src\Menu.csproj", "{E866CAB2-DF6E-4455-B020-3AB6414A2CF1}"
EndProject
Project("{2150E333-8FDC-42A3-9474-1A3956D46DE8}") = "Tab", "Tab", "{A4CB1295-ADA4-4E31-BD86-27BEA0F83331}"
EndProject
Project("{FAE04EC0-301F-11D3-BF4B-00C04F79EFBC}") = "Tab", "Tab\src\Tab.csproj", "{E49AF9D6-AB71-420D-A61E-5A2F69940B83}"
EndProject
Project("{2150E333-8FDC-42A3-9474-1A3956D46DE8}") = "PopOver", "PopOver", "{9F327BB1-5242-46F1-8D90-9D7B19471070}"
EndProject
Project("{FAE04EC0-301F-11D3-BF4B-00C04F79EFBC}") = "PopOver", "PopOver\src\PopOver.csproj", "{52AECED8-AF01-4CA3-A3C7-7C94BD0820A8}"
EndProject
Project("{2150E333-8FDC-42A3-9474-1A3956D46DE8}") = "Material", "Material", "{91687B8F-58F5-4BD4-ADD5-F5F6D9A643BF}"
EndProject
Project("{FAE04EC0-301F-11D3-BF4B-00C04F79EFBC}") = "Material", "Material\src\Material.csproj", "{B8556016-D55D-4C84-B331-5369129D6A5F}"
EndProject
Project("{2150E333-8FDC-42A3-9474-1A3956D46DE8}") = "Typography", "Typography", "{FD4AC138-9A66-4E84-B512-319A59FDDC0A}"
EndProject
Project("{FAE04EC0-301F-11D3-BF4B-00C04F79EFBC}") = "Typography", "Typography\src\Typography.csproj", "{2D6C4BA5-BA0D-4C6D-BC29-FF5C80D85198}"
EndProject
Global
	GlobalSection(SolutionConfigurationPlatforms) = preSolution
		Debug|Any CPU = Debug|Any CPU
		Debug|x64 = Debug|x64
		Debug|x86 = Debug|x86
		Release|Any CPU = Release|Any CPU
		Release|x64 = Release|x64
		Release|x86 = Release|x86
	EndGlobalSection
	GlobalSection(SolutionProperties) = preSolution
		HideSolutionNode = FALSE
	EndGlobalSection
	GlobalSection(ProjectConfigurationPlatforms) = postSolution
		{95D5904F-C4F1-40A2-A563-31D80424EB90}.Debug|Any CPU.ActiveCfg = Debug|Any CPU
		{95D5904F-C4F1-40A2-A563-31D80424EB90}.Debug|Any CPU.Build.0 = Debug|Any CPU
		{95D5904F-C4F1-40A2-A563-31D80424EB90}.Debug|x64.ActiveCfg = Debug|Any CPU
		{95D5904F-C4F1-40A2-A563-31D80424EB90}.Debug|x64.Build.0 = Debug|Any CPU
		{95D5904F-C4F1-40A2-A563-31D80424EB90}.Debug|x86.ActiveCfg = Debug|Any CPU
		{95D5904F-C4F1-40A2-A563-31D80424EB90}.Debug|x86.Build.0 = Debug|Any CPU
		{95D5904F-C4F1-40A2-A563-31D80424EB90}.Release|Any CPU.ActiveCfg = Release|Any CPU
		{95D5904F-C4F1-40A2-A563-31D80424EB90}.Release|Any CPU.Build.0 = Release|Any CPU
		{95D5904F-C4F1-40A2-A563-31D80424EB90}.Release|x64.ActiveCfg = Release|Any CPU
		{95D5904F-C4F1-40A2-A563-31D80424EB90}.Release|x64.Build.0 = Release|Any CPU
		{95D5904F-C4F1-40A2-A563-31D80424EB90}.Release|x86.ActiveCfg = Release|Any CPU
		{95D5904F-C4F1-40A2-A563-31D80424EB90}.Release|x86.Build.0 = Release|Any CPU
		{C127651A-9D2C-45A8-8BFF-1AD0EC6EC6B4}.Debug|Any CPU.ActiveCfg = Debug|Any CPU
		{C127651A-9D2C-45A8-8BFF-1AD0EC6EC6B4}.Debug|Any CPU.Build.0 = Debug|Any CPU
		{C127651A-9D2C-45A8-8BFF-1AD0EC6EC6B4}.Debug|x64.ActiveCfg = Debug|Any CPU
		{C127651A-9D2C-45A8-8BFF-1AD0EC6EC6B4}.Debug|x64.Build.0 = Debug|Any CPU
		{C127651A-9D2C-45A8-8BFF-1AD0EC6EC6B4}.Debug|x86.ActiveCfg = Debug|Any CPU
		{C127651A-9D2C-45A8-8BFF-1AD0EC6EC6B4}.Debug|x86.Build.0 = Debug|Any CPU
		{C127651A-9D2C-45A8-8BFF-1AD0EC6EC6B4}.Release|Any CPU.ActiveCfg = Release|Any CPU
		{C127651A-9D2C-45A8-8BFF-1AD0EC6EC6B4}.Release|Any CPU.Build.0 = Release|Any CPU
		{C127651A-9D2C-45A8-8BFF-1AD0EC6EC6B4}.Release|x64.ActiveCfg = Release|Any CPU
		{C127651A-9D2C-45A8-8BFF-1AD0EC6EC6B4}.Release|x64.Build.0 = Release|Any CPU
		{C127651A-9D2C-45A8-8BFF-1AD0EC6EC6B4}.Release|x86.ActiveCfg = Release|Any CPU
		{C127651A-9D2C-45A8-8BFF-1AD0EC6EC6B4}.Release|x86.Build.0 = Release|Any CPU
		{7085607A-F314-4E78-9A0B-550B7CA489B4}.Debug|Any CPU.ActiveCfg = Debug|Any CPU
		{7085607A-F314-4E78-9A0B-550B7CA489B4}.Debug|Any CPU.Build.0 = Debug|Any CPU
		{7085607A-F314-4E78-9A0B-550B7CA489B4}.Debug|x64.ActiveCfg = Debug|Any CPU
		{7085607A-F314-4E78-9A0B-550B7CA489B4}.Debug|x64.Build.0 = Debug|Any CPU
		{7085607A-F314-4E78-9A0B-550B7CA489B4}.Debug|x86.ActiveCfg = Debug|Any CPU
		{7085607A-F314-4E78-9A0B-550B7CA489B4}.Debug|x86.Build.0 = Debug|Any CPU
		{7085607A-F314-4E78-9A0B-550B7CA489B4}.Release|Any CPU.ActiveCfg = Release|Any CPU
		{7085607A-F314-4E78-9A0B-550B7CA489B4}.Release|Any CPU.Build.0 = Release|Any CPU
		{7085607A-F314-4E78-9A0B-550B7CA489B4}.Release|x64.ActiveCfg = Release|Any CPU
		{7085607A-F314-4E78-9A0B-550B7CA489B4}.Release|x64.Build.0 = Release|Any CPU
		{7085607A-F314-4E78-9A0B-550B7CA489B4}.Release|x86.ActiveCfg = Release|Any CPU
		{7085607A-F314-4E78-9A0B-550B7CA489B4}.Release|x86.Build.0 = Release|Any CPU
		{810DDC7D-3C47-4ABD-8841-0637B9E17113}.Debug|Any CPU.ActiveCfg = Debug|Any CPU
		{810DDC7D-3C47-4ABD-8841-0637B9E17113}.Debug|Any CPU.Build.0 = Debug|Any CPU
		{810DDC7D-3C47-4ABD-8841-0637B9E17113}.Debug|x64.ActiveCfg = Debug|Any CPU
		{810DDC7D-3C47-4ABD-8841-0637B9E17113}.Debug|x64.Build.0 = Debug|Any CPU
		{810DDC7D-3C47-4ABD-8841-0637B9E17113}.Debug|x86.ActiveCfg = Debug|Any CPU
		{810DDC7D-3C47-4ABD-8841-0637B9E17113}.Debug|x86.Build.0 = Debug|Any CPU
		{810DDC7D-3C47-4ABD-8841-0637B9E17113}.Release|Any CPU.ActiveCfg = Release|Any CPU
		{810DDC7D-3C47-4ABD-8841-0637B9E17113}.Release|Any CPU.Build.0 = Release|Any CPU
		{810DDC7D-3C47-4ABD-8841-0637B9E17113}.Release|x64.ActiveCfg = Release|Any CPU
		{810DDC7D-3C47-4ABD-8841-0637B9E17113}.Release|x64.Build.0 = Release|Any CPU
		{810DDC7D-3C47-4ABD-8841-0637B9E17113}.Release|x86.ActiveCfg = Release|Any CPU
		{810DDC7D-3C47-4ABD-8841-0637B9E17113}.Release|x86.Build.0 = Release|Any CPU
		{699B7D6A-974A-4B95-BED5-881299273AD7}.Debug|Any CPU.ActiveCfg = Debug|Any CPU
		{699B7D6A-974A-4B95-BED5-881299273AD7}.Debug|Any CPU.Build.0 = Debug|Any CPU
		{699B7D6A-974A-4B95-BED5-881299273AD7}.Debug|x64.ActiveCfg = Debug|Any CPU
		{699B7D6A-974A-4B95-BED5-881299273AD7}.Debug|x64.Build.0 = Debug|Any CPU
		{699B7D6A-974A-4B95-BED5-881299273AD7}.Debug|x86.ActiveCfg = Debug|Any CPU
		{699B7D6A-974A-4B95-BED5-881299273AD7}.Debug|x86.Build.0 = Debug|Any CPU
		{699B7D6A-974A-4B95-BED5-881299273AD7}.Release|Any CPU.ActiveCfg = Release|Any CPU
		{699B7D6A-974A-4B95-BED5-881299273AD7}.Release|Any CPU.Build.0 = Release|Any CPU
		{699B7D6A-974A-4B95-BED5-881299273AD7}.Release|x64.ActiveCfg = Release|Any CPU
		{699B7D6A-974A-4B95-BED5-881299273AD7}.Release|x64.Build.0 = Release|Any CPU
		{699B7D6A-974A-4B95-BED5-881299273AD7}.Release|x86.ActiveCfg = Release|Any CPU
		{699B7D6A-974A-4B95-BED5-881299273AD7}.Release|x86.Build.0 = Release|Any CPU
		{87C033AF-505A-452A-AB09-BDD1C2A4ABD9}.Debug|Any CPU.ActiveCfg = Debug|Any CPU
		{87C033AF-505A-452A-AB09-BDD1C2A4ABD9}.Debug|Any CPU.Build.0 = Debug|Any CPU
		{87C033AF-505A-452A-AB09-BDD1C2A4ABD9}.Debug|x64.ActiveCfg = Debug|Any CPU
		{87C033AF-505A-452A-AB09-BDD1C2A4ABD9}.Debug|x64.Build.0 = Debug|Any CPU
		{87C033AF-505A-452A-AB09-BDD1C2A4ABD9}.Debug|x86.ActiveCfg = Debug|Any CPU
		{87C033AF-505A-452A-AB09-BDD1C2A4ABD9}.Debug|x86.Build.0 = Debug|Any CPU
		{87C033AF-505A-452A-AB09-BDD1C2A4ABD9}.Release|Any CPU.ActiveCfg = Release|Any CPU
		{87C033AF-505A-452A-AB09-BDD1C2A4ABD9}.Release|Any CPU.Build.0 = Release|Any CPU
		{87C033AF-505A-452A-AB09-BDD1C2A4ABD9}.Release|x64.ActiveCfg = Release|Any CPU
		{87C033AF-505A-452A-AB09-BDD1C2A4ABD9}.Release|x64.Build.0 = Release|Any CPU
		{87C033AF-505A-452A-AB09-BDD1C2A4ABD9}.Release|x86.ActiveCfg = Release|Any CPU
		{87C033AF-505A-452A-AB09-BDD1C2A4ABD9}.Release|x86.Build.0 = Release|Any CPU
		{75DFABBA-64FF-487F-8202-515F5689688B}.Debug|Any CPU.ActiveCfg = Debug|Any CPU
		{75DFABBA-64FF-487F-8202-515F5689688B}.Debug|Any CPU.Build.0 = Debug|Any CPU
		{75DFABBA-64FF-487F-8202-515F5689688B}.Debug|x64.ActiveCfg = Debug|Any CPU
		{75DFABBA-64FF-487F-8202-515F5689688B}.Debug|x64.Build.0 = Debug|Any CPU
		{75DFABBA-64FF-487F-8202-515F5689688B}.Debug|x86.ActiveCfg = Debug|Any CPU
		{75DFABBA-64FF-487F-8202-515F5689688B}.Debug|x86.Build.0 = Debug|Any CPU
		{75DFABBA-64FF-487F-8202-515F5689688B}.Release|Any CPU.ActiveCfg = Release|Any CPU
		{75DFABBA-64FF-487F-8202-515F5689688B}.Release|Any CPU.Build.0 = Release|Any CPU
		{75DFABBA-64FF-487F-8202-515F5689688B}.Release|x64.ActiveCfg = Release|Any CPU
		{75DFABBA-64FF-487F-8202-515F5689688B}.Release|x64.Build.0 = Release|Any CPU
		{75DFABBA-64FF-487F-8202-515F5689688B}.Release|x86.ActiveCfg = Release|Any CPU
		{75DFABBA-64FF-487F-8202-515F5689688B}.Release|x86.Build.0 = Release|Any CPU
		{D5FFADC1-E6D8-4621-B951-90C532D038C6}.Debug|Any CPU.ActiveCfg = Debug|Any CPU
		{D5FFADC1-E6D8-4621-B951-90C532D038C6}.Debug|Any CPU.Build.0 = Debug|Any CPU
		{D5FFADC1-E6D8-4621-B951-90C532D038C6}.Debug|x64.ActiveCfg = Debug|Any CPU
		{D5FFADC1-E6D8-4621-B951-90C532D038C6}.Debug|x64.Build.0 = Debug|Any CPU
		{D5FFADC1-E6D8-4621-B951-90C532D038C6}.Debug|x86.ActiveCfg = Debug|Any CPU
		{D5FFADC1-E6D8-4621-B951-90C532D038C6}.Debug|x86.Build.0 = Debug|Any CPU
		{D5FFADC1-E6D8-4621-B951-90C532D038C6}.Release|Any CPU.ActiveCfg = Release|Any CPU
		{D5FFADC1-E6D8-4621-B951-90C532D038C6}.Release|Any CPU.Build.0 = Release|Any CPU
		{D5FFADC1-E6D8-4621-B951-90C532D038C6}.Release|x64.ActiveCfg = Release|Any CPU
		{D5FFADC1-E6D8-4621-B951-90C532D038C6}.Release|x64.Build.0 = Release|Any CPU
		{D5FFADC1-E6D8-4621-B951-90C532D038C6}.Release|x86.ActiveCfg = Release|Any CPU
		{D5FFADC1-E6D8-4621-B951-90C532D038C6}.Release|x86.Build.0 = Release|Any CPU
		{870F785D-77CD-457B-9E66-35A4B2B7B8AB}.Debug|Any CPU.ActiveCfg = Debug|Any CPU
		{870F785D-77CD-457B-9E66-35A4B2B7B8AB}.Debug|Any CPU.Build.0 = Debug|Any CPU
		{870F785D-77CD-457B-9E66-35A4B2B7B8AB}.Debug|x64.ActiveCfg = Debug|Any CPU
		{870F785D-77CD-457B-9E66-35A4B2B7B8AB}.Debug|x64.Build.0 = Debug|Any CPU
		{870F785D-77CD-457B-9E66-35A4B2B7B8AB}.Debug|x86.ActiveCfg = Debug|Any CPU
		{870F785D-77CD-457B-9E66-35A4B2B7B8AB}.Debug|x86.Build.0 = Debug|Any CPU
		{870F785D-77CD-457B-9E66-35A4B2B7B8AB}.Release|Any CPU.ActiveCfg = Release|Any CPU
		{870F785D-77CD-457B-9E66-35A4B2B7B8AB}.Release|Any CPU.Build.0 = Release|Any CPU
		{870F785D-77CD-457B-9E66-35A4B2B7B8AB}.Release|x64.ActiveCfg = Release|Any CPU
		{870F785D-77CD-457B-9E66-35A4B2B7B8AB}.Release|x64.Build.0 = Release|Any CPU
		{870F785D-77CD-457B-9E66-35A4B2B7B8AB}.Release|x86.ActiveCfg = Release|Any CPU
		{870F785D-77CD-457B-9E66-35A4B2B7B8AB}.Release|x86.Build.0 = Release|Any CPU
		{76A6E39B-4F30-425F-898D-D57BF267744D}.Debug|Any CPU.ActiveCfg = Debug|Any CPU
		{76A6E39B-4F30-425F-898D-D57BF267744D}.Debug|Any CPU.Build.0 = Debug|Any CPU
		{76A6E39B-4F30-425F-898D-D57BF267744D}.Debug|x64.ActiveCfg = Debug|Any CPU
		{76A6E39B-4F30-425F-898D-D57BF267744D}.Debug|x64.Build.0 = Debug|Any CPU
		{76A6E39B-4F30-425F-898D-D57BF267744D}.Debug|x86.ActiveCfg = Debug|Any CPU
		{76A6E39B-4F30-425F-898D-D57BF267744D}.Debug|x86.Build.0 = Debug|Any CPU
		{76A6E39B-4F30-425F-898D-D57BF267744D}.Release|Any CPU.ActiveCfg = Release|Any CPU
		{76A6E39B-4F30-425F-898D-D57BF267744D}.Release|Any CPU.Build.0 = Release|Any CPU
		{76A6E39B-4F30-425F-898D-D57BF267744D}.Release|x64.ActiveCfg = Release|Any CPU
		{76A6E39B-4F30-425F-898D-D57BF267744D}.Release|x64.Build.0 = Release|Any CPU
		{76A6E39B-4F30-425F-898D-D57BF267744D}.Release|x86.ActiveCfg = Release|Any CPU
		{76A6E39B-4F30-425F-898D-D57BF267744D}.Release|x86.Build.0 = Release|Any CPU
		{8EBD75C5-1585-46DC-A404-63B753519615}.Debug|Any CPU.ActiveCfg = Debug|Any CPU
		{8EBD75C5-1585-46DC-A404-63B753519615}.Debug|Any CPU.Build.0 = Debug|Any CPU
		{8EBD75C5-1585-46DC-A404-63B753519615}.Debug|x64.ActiveCfg = Debug|Any CPU
		{8EBD75C5-1585-46DC-A404-63B753519615}.Debug|x64.Build.0 = Debug|Any CPU
		{8EBD75C5-1585-46DC-A404-63B753519615}.Debug|x86.ActiveCfg = Debug|Any CPU
		{8EBD75C5-1585-46DC-A404-63B753519615}.Debug|x86.Build.0 = Debug|Any CPU
		{8EBD75C5-1585-46DC-A404-63B753519615}.Release|Any CPU.ActiveCfg = Release|Any CPU
		{8EBD75C5-1585-46DC-A404-63B753519615}.Release|Any CPU.Build.0 = Release|Any CPU
		{8EBD75C5-1585-46DC-A404-63B753519615}.Release|x64.ActiveCfg = Release|Any CPU
		{8EBD75C5-1585-46DC-A404-63B753519615}.Release|x64.Build.0 = Release|Any CPU
		{8EBD75C5-1585-46DC-A404-63B753519615}.Release|x86.ActiveCfg = Release|Any CPU
		{8EBD75C5-1585-46DC-A404-63B753519615}.Release|x86.Build.0 = Release|Any CPU
		{C3DBD328-644B-48FF-A7B5-366D14C06A16}.Debug|Any CPU.ActiveCfg = Debug|Any CPU
		{C3DBD328-644B-48FF-A7B5-366D14C06A16}.Debug|Any CPU.Build.0 = Debug|Any CPU
		{C3DBD328-644B-48FF-A7B5-366D14C06A16}.Debug|x64.ActiveCfg = Debug|Any CPU
		{C3DBD328-644B-48FF-A7B5-366D14C06A16}.Debug|x64.Build.0 = Debug|Any CPU
		{C3DBD328-644B-48FF-A7B5-366D14C06A16}.Debug|x86.ActiveCfg = Debug|Any CPU
		{C3DBD328-644B-48FF-A7B5-366D14C06A16}.Debug|x86.Build.0 = Debug|Any CPU
		{C3DBD328-644B-48FF-A7B5-366D14C06A16}.Release|Any CPU.ActiveCfg = Release|Any CPU
		{C3DBD328-644B-48FF-A7B5-366D14C06A16}.Release|Any CPU.Build.0 = Release|Any CPU
		{C3DBD328-644B-48FF-A7B5-366D14C06A16}.Release|x64.ActiveCfg = Release|Any CPU
		{C3DBD328-644B-48FF-A7B5-366D14C06A16}.Release|x64.Build.0 = Release|Any CPU
		{C3DBD328-644B-48FF-A7B5-366D14C06A16}.Release|x86.ActiveCfg = Release|Any CPU
		{C3DBD328-644B-48FF-A7B5-366D14C06A16}.Release|x86.Build.0 = Release|Any CPU
		{73A476D1-59DF-422D-A652-C177A8D6F9CB}.Debug|Any CPU.ActiveCfg = Debug|Any CPU
		{73A476D1-59DF-422D-A652-C177A8D6F9CB}.Debug|Any CPU.Build.0 = Debug|Any CPU
		{73A476D1-59DF-422D-A652-C177A8D6F9CB}.Debug|x64.ActiveCfg = Debug|Any CPU
		{73A476D1-59DF-422D-A652-C177A8D6F9CB}.Debug|x64.Build.0 = Debug|Any CPU
		{73A476D1-59DF-422D-A652-C177A8D6F9CB}.Debug|x86.ActiveCfg = Debug|Any CPU
		{73A476D1-59DF-422D-A652-C177A8D6F9CB}.Debug|x86.Build.0 = Debug|Any CPU
		{73A476D1-59DF-422D-A652-C177A8D6F9CB}.Release|Any CPU.ActiveCfg = Release|Any CPU
		{73A476D1-59DF-422D-A652-C177A8D6F9CB}.Release|Any CPU.Build.0 = Release|Any CPU
		{73A476D1-59DF-422D-A652-C177A8D6F9CB}.Release|x64.ActiveCfg = Release|Any CPU
		{73A476D1-59DF-422D-A652-C177A8D6F9CB}.Release|x64.Build.0 = Release|Any CPU
		{73A476D1-59DF-422D-A652-C177A8D6F9CB}.Release|x86.ActiveCfg = Release|Any CPU
		{73A476D1-59DF-422D-A652-C177A8D6F9CB}.Release|x86.Build.0 = Release|Any CPU
		{0A3D3090-C058-415F-8E81-CC151C903096}.Debug|Any CPU.ActiveCfg = Debug|Any CPU
		{0A3D3090-C058-415F-8E81-CC151C903096}.Debug|Any CPU.Build.0 = Debug|Any CPU
		{0A3D3090-C058-415F-8E81-CC151C903096}.Debug|x64.ActiveCfg = Debug|Any CPU
		{0A3D3090-C058-415F-8E81-CC151C903096}.Debug|x64.Build.0 = Debug|Any CPU
		{0A3D3090-C058-415F-8E81-CC151C903096}.Debug|x86.ActiveCfg = Debug|Any CPU
		{0A3D3090-C058-415F-8E81-CC151C903096}.Debug|x86.Build.0 = Debug|Any CPU
		{0A3D3090-C058-415F-8E81-CC151C903096}.Release|Any CPU.ActiveCfg = Release|Any CPU
		{0A3D3090-C058-415F-8E81-CC151C903096}.Release|Any CPU.Build.0 = Release|Any CPU
		{0A3D3090-C058-415F-8E81-CC151C903096}.Release|x64.ActiveCfg = Release|Any CPU
		{0A3D3090-C058-415F-8E81-CC151C903096}.Release|x64.Build.0 = Release|Any CPU
		{0A3D3090-C058-415F-8E81-CC151C903096}.Release|x86.ActiveCfg = Release|Any CPU
		{0A3D3090-C058-415F-8E81-CC151C903096}.Release|x86.Build.0 = Release|Any CPU
		{29E2F070-7168-4589-9BB3-2C6D771F1DCE}.Debug|Any CPU.ActiveCfg = Debug|Any CPU
		{29E2F070-7168-4589-9BB3-2C6D771F1DCE}.Debug|Any CPU.Build.0 = Debug|Any CPU
		{29E2F070-7168-4589-9BB3-2C6D771F1DCE}.Debug|x64.ActiveCfg = Debug|Any CPU
		{29E2F070-7168-4589-9BB3-2C6D771F1DCE}.Debug|x64.Build.0 = Debug|Any CPU
		{29E2F070-7168-4589-9BB3-2C6D771F1DCE}.Debug|x86.ActiveCfg = Debug|Any CPU
		{29E2F070-7168-4589-9BB3-2C6D771F1DCE}.Debug|x86.Build.0 = Debug|Any CPU
		{29E2F070-7168-4589-9BB3-2C6D771F1DCE}.Release|Any CPU.ActiveCfg = Release|Any CPU
		{29E2F070-7168-4589-9BB3-2C6D771F1DCE}.Release|Any CPU.Build.0 = Release|Any CPU
		{29E2F070-7168-4589-9BB3-2C6D771F1DCE}.Release|x64.ActiveCfg = Release|Any CPU
		{29E2F070-7168-4589-9BB3-2C6D771F1DCE}.Release|x64.Build.0 = Release|Any CPU
		{29E2F070-7168-4589-9BB3-2C6D771F1DCE}.Release|x86.ActiveCfg = Release|Any CPU
		{29E2F070-7168-4589-9BB3-2C6D771F1DCE}.Release|x86.Build.0 = Release|Any CPU
		{6C776353-5380-4313-BCA2-6EFD06897AE5}.Debug|Any CPU.ActiveCfg = Debug|Any CPU
		{6C776353-5380-4313-BCA2-6EFD06897AE5}.Debug|Any CPU.Build.0 = Debug|Any CPU
		{6C776353-5380-4313-BCA2-6EFD06897AE5}.Debug|x64.ActiveCfg = Debug|Any CPU
		{6C776353-5380-4313-BCA2-6EFD06897AE5}.Debug|x64.Build.0 = Debug|Any CPU
		{6C776353-5380-4313-BCA2-6EFD06897AE5}.Debug|x86.ActiveCfg = Debug|Any CPU
		{6C776353-5380-4313-BCA2-6EFD06897AE5}.Debug|x86.Build.0 = Debug|Any CPU
		{6C776353-5380-4313-BCA2-6EFD06897AE5}.Release|Any CPU.ActiveCfg = Release|Any CPU
		{6C776353-5380-4313-BCA2-6EFD06897AE5}.Release|Any CPU.Build.0 = Release|Any CPU
		{6C776353-5380-4313-BCA2-6EFD06897AE5}.Release|x64.ActiveCfg = Release|Any CPU
		{6C776353-5380-4313-BCA2-6EFD06897AE5}.Release|x64.Build.0 = Release|Any CPU
		{6C776353-5380-4313-BCA2-6EFD06897AE5}.Release|x86.ActiveCfg = Release|Any CPU
		{6C776353-5380-4313-BCA2-6EFD06897AE5}.Release|x86.Build.0 = Release|Any CPU
		{AC9A7B0D-21B4-450D-BB81-444917080C42}.Debug|Any CPU.ActiveCfg = Debug|Any CPU
		{AC9A7B0D-21B4-450D-BB81-444917080C42}.Debug|Any CPU.Build.0 = Debug|Any CPU
		{AC9A7B0D-21B4-450D-BB81-444917080C42}.Debug|x64.ActiveCfg = Debug|Any CPU
		{AC9A7B0D-21B4-450D-BB81-444917080C42}.Debug|x64.Build.0 = Debug|Any CPU
		{AC9A7B0D-21B4-450D-BB81-444917080C42}.Debug|x86.ActiveCfg = Debug|Any CPU
		{AC9A7B0D-21B4-450D-BB81-444917080C42}.Debug|x86.Build.0 = Debug|Any CPU
		{AC9A7B0D-21B4-450D-BB81-444917080C42}.Release|Any CPU.ActiveCfg = Release|Any CPU
		{AC9A7B0D-21B4-450D-BB81-444917080C42}.Release|Any CPU.Build.0 = Release|Any CPU
		{AC9A7B0D-21B4-450D-BB81-444917080C42}.Release|x64.ActiveCfg = Release|Any CPU
		{AC9A7B0D-21B4-450D-BB81-444917080C42}.Release|x64.Build.0 = Release|Any CPU
		{AC9A7B0D-21B4-450D-BB81-444917080C42}.Release|x86.ActiveCfg = Release|Any CPU
		{AC9A7B0D-21B4-450D-BB81-444917080C42}.Release|x86.Build.0 = Release|Any CPU
		{A5133B12-3021-4C73-A807-DD11AEC13726}.Debug|Any CPU.ActiveCfg = Debug|Any CPU
		{A5133B12-3021-4C73-A807-DD11AEC13726}.Debug|Any CPU.Build.0 = Debug|Any CPU
		{A5133B12-3021-4C73-A807-DD11AEC13726}.Debug|x64.ActiveCfg = Debug|Any CPU
		{A5133B12-3021-4C73-A807-DD11AEC13726}.Debug|x64.Build.0 = Debug|Any CPU
		{A5133B12-3021-4C73-A807-DD11AEC13726}.Debug|x86.ActiveCfg = Debug|Any CPU
		{A5133B12-3021-4C73-A807-DD11AEC13726}.Debug|x86.Build.0 = Debug|Any CPU
		{A5133B12-3021-4C73-A807-DD11AEC13726}.Release|Any CPU.ActiveCfg = Release|Any CPU
		{A5133B12-3021-4C73-A807-DD11AEC13726}.Release|Any CPU.Build.0 = Release|Any CPU
		{A5133B12-3021-4C73-A807-DD11AEC13726}.Release|x64.ActiveCfg = Release|Any CPU
		{A5133B12-3021-4C73-A807-DD11AEC13726}.Release|x64.Build.0 = Release|Any CPU
		{A5133B12-3021-4C73-A807-DD11AEC13726}.Release|x86.ActiveCfg = Release|Any CPU
		{A5133B12-3021-4C73-A807-DD11AEC13726}.Release|x86.Build.0 = Release|Any CPU
		{B7006487-B9BC-46CF-8BA6-F46D37408519}.Debug|Any CPU.ActiveCfg = Debug|Any CPU
		{B7006487-B9BC-46CF-8BA6-F46D37408519}.Debug|Any CPU.Build.0 = Debug|Any CPU
		{B7006487-B9BC-46CF-8BA6-F46D37408519}.Debug|x64.ActiveCfg = Debug|Any CPU
		{B7006487-B9BC-46CF-8BA6-F46D37408519}.Debug|x64.Build.0 = Debug|Any CPU
		{B7006487-B9BC-46CF-8BA6-F46D37408519}.Debug|x86.ActiveCfg = Debug|Any CPU
		{B7006487-B9BC-46CF-8BA6-F46D37408519}.Debug|x86.Build.0 = Debug|Any CPU
		{B7006487-B9BC-46CF-8BA6-F46D37408519}.Release|Any CPU.ActiveCfg = Release|Any CPU
		{B7006487-B9BC-46CF-8BA6-F46D37408519}.Release|Any CPU.Build.0 = Release|Any CPU
		{B7006487-B9BC-46CF-8BA6-F46D37408519}.Release|x64.ActiveCfg = Release|Any CPU
		{B7006487-B9BC-46CF-8BA6-F46D37408519}.Release|x64.Build.0 = Release|Any CPU
		{B7006487-B9BC-46CF-8BA6-F46D37408519}.Release|x86.ActiveCfg = Release|Any CPU
		{B7006487-B9BC-46CF-8BA6-F46D37408519}.Release|x86.Build.0 = Release|Any CPU
		{6DF48E34-0F0E-4AC9-83DD-5D9F17AEA14D}.Debug|Any CPU.ActiveCfg = Debug|Any CPU
		{6DF48E34-0F0E-4AC9-83DD-5D9F17AEA14D}.Debug|Any CPU.Build.0 = Debug|Any CPU
		{6DF48E34-0F0E-4AC9-83DD-5D9F17AEA14D}.Debug|x64.ActiveCfg = Debug|Any CPU
		{6DF48E34-0F0E-4AC9-83DD-5D9F17AEA14D}.Debug|x64.Build.0 = Debug|Any CPU
		{6DF48E34-0F0E-4AC9-83DD-5D9F17AEA14D}.Debug|x86.ActiveCfg = Debug|Any CPU
		{6DF48E34-0F0E-4AC9-83DD-5D9F17AEA14D}.Debug|x86.Build.0 = Debug|Any CPU
		{6DF48E34-0F0E-4AC9-83DD-5D9F17AEA14D}.Release|Any CPU.ActiveCfg = Release|Any CPU
		{6DF48E34-0F0E-4AC9-83DD-5D9F17AEA14D}.Release|Any CPU.Build.0 = Release|Any CPU
		{6DF48E34-0F0E-4AC9-83DD-5D9F17AEA14D}.Release|x64.ActiveCfg = Release|Any CPU
		{6DF48E34-0F0E-4AC9-83DD-5D9F17AEA14D}.Release|x64.Build.0 = Release|Any CPU
		{6DF48E34-0F0E-4AC9-83DD-5D9F17AEA14D}.Release|x86.ActiveCfg = Release|Any CPU
		{6DF48E34-0F0E-4AC9-83DD-5D9F17AEA14D}.Release|x86.Build.0 = Release|Any CPU
		{7A684008-0FAD-413A-B62B-3904B96280D3}.Debug|Any CPU.ActiveCfg = Debug|Any CPU
		{7A684008-0FAD-413A-B62B-3904B96280D3}.Debug|Any CPU.Build.0 = Debug|Any CPU
		{7A684008-0FAD-413A-B62B-3904B96280D3}.Debug|x64.ActiveCfg = Debug|Any CPU
		{7A684008-0FAD-413A-B62B-3904B96280D3}.Debug|x64.Build.0 = Debug|Any CPU
		{7A684008-0FAD-413A-B62B-3904B96280D3}.Debug|x86.ActiveCfg = Debug|Any CPU
		{7A684008-0FAD-413A-B62B-3904B96280D3}.Debug|x86.Build.0 = Debug|Any CPU
		{7A684008-0FAD-413A-B62B-3904B96280D3}.Release|Any CPU.ActiveCfg = Release|Any CPU
		{7A684008-0FAD-413A-B62B-3904B96280D3}.Release|Any CPU.Build.0 = Release|Any CPU
		{7A684008-0FAD-413A-B62B-3904B96280D3}.Release|x64.ActiveCfg = Release|Any CPU
		{7A684008-0FAD-413A-B62B-3904B96280D3}.Release|x64.Build.0 = Release|Any CPU
		{7A684008-0FAD-413A-B62B-3904B96280D3}.Release|x86.ActiveCfg = Release|Any CPU
		{7A684008-0FAD-413A-B62B-3904B96280D3}.Release|x86.Build.0 = Release|Any CPU
		{510B3C4E-B388-4F4C-9FA8-DC5EA33B10A3}.Debug|Any CPU.ActiveCfg = Debug|Any CPU
		{510B3C4E-B388-4F4C-9FA8-DC5EA33B10A3}.Debug|Any CPU.Build.0 = Debug|Any CPU
		{510B3C4E-B388-4F4C-9FA8-DC5EA33B10A3}.Debug|x64.ActiveCfg = Debug|Any CPU
		{510B3C4E-B388-4F4C-9FA8-DC5EA33B10A3}.Debug|x64.Build.0 = Debug|Any CPU
		{510B3C4E-B388-4F4C-9FA8-DC5EA33B10A3}.Debug|x86.ActiveCfg = Debug|Any CPU
		{510B3C4E-B388-4F4C-9FA8-DC5EA33B10A3}.Debug|x86.Build.0 = Debug|Any CPU
		{510B3C4E-B388-4F4C-9FA8-DC5EA33B10A3}.Release|Any CPU.ActiveCfg = Release|Any CPU
		{510B3C4E-B388-4F4C-9FA8-DC5EA33B10A3}.Release|Any CPU.Build.0 = Release|Any CPU
		{510B3C4E-B388-4F4C-9FA8-DC5EA33B10A3}.Release|x64.ActiveCfg = Release|Any CPU
		{510B3C4E-B388-4F4C-9FA8-DC5EA33B10A3}.Release|x64.Build.0 = Release|Any CPU
		{510B3C4E-B388-4F4C-9FA8-DC5EA33B10A3}.Release|x86.ActiveCfg = Release|Any CPU
		{510B3C4E-B388-4F4C-9FA8-DC5EA33B10A3}.Release|x86.Build.0 = Release|Any CPU
		{4BB31449-F592-4711-BE3C-9A83B9659DE1}.Debug|Any CPU.ActiveCfg = Debug|Any CPU
		{4BB31449-F592-4711-BE3C-9A83B9659DE1}.Debug|Any CPU.Build.0 = Debug|Any CPU
		{4BB31449-F592-4711-BE3C-9A83B9659DE1}.Debug|x64.ActiveCfg = Debug|Any CPU
		{4BB31449-F592-4711-BE3C-9A83B9659DE1}.Debug|x64.Build.0 = Debug|Any CPU
		{4BB31449-F592-4711-BE3C-9A83B9659DE1}.Debug|x86.ActiveCfg = Debug|Any CPU
		{4BB31449-F592-4711-BE3C-9A83B9659DE1}.Debug|x86.Build.0 = Debug|Any CPU
		{4BB31449-F592-4711-BE3C-9A83B9659DE1}.Release|Any CPU.ActiveCfg = Release|Any CPU
		{4BB31449-F592-4711-BE3C-9A83B9659DE1}.Release|Any CPU.Build.0 = Release|Any CPU
		{4BB31449-F592-4711-BE3C-9A83B9659DE1}.Release|x64.ActiveCfg = Release|Any CPU
		{4BB31449-F592-4711-BE3C-9A83B9659DE1}.Release|x64.Build.0 = Release|Any CPU
		{4BB31449-F592-4711-BE3C-9A83B9659DE1}.Release|x86.ActiveCfg = Release|Any CPU
		{4BB31449-F592-4711-BE3C-9A83B9659DE1}.Release|x86.Build.0 = Release|Any CPU
		{684796FA-5163-4A0F-BF72-7691C12201FE}.Debug|Any CPU.ActiveCfg = Debug|Any CPU
		{684796FA-5163-4A0F-BF72-7691C12201FE}.Debug|Any CPU.Build.0 = Debug|Any CPU
		{684796FA-5163-4A0F-BF72-7691C12201FE}.Debug|x64.ActiveCfg = Debug|Any CPU
		{684796FA-5163-4A0F-BF72-7691C12201FE}.Debug|x64.Build.0 = Debug|Any CPU
		{684796FA-5163-4A0F-BF72-7691C12201FE}.Debug|x86.ActiveCfg = Debug|Any CPU
		{684796FA-5163-4A0F-BF72-7691C12201FE}.Debug|x86.Build.0 = Debug|Any CPU
		{684796FA-5163-4A0F-BF72-7691C12201FE}.Release|Any CPU.ActiveCfg = Release|Any CPU
		{684796FA-5163-4A0F-BF72-7691C12201FE}.Release|Any CPU.Build.0 = Release|Any CPU
		{684796FA-5163-4A0F-BF72-7691C12201FE}.Release|x64.ActiveCfg = Release|Any CPU
		{684796FA-5163-4A0F-BF72-7691C12201FE}.Release|x64.Build.0 = Release|Any CPU
		{684796FA-5163-4A0F-BF72-7691C12201FE}.Release|x86.ActiveCfg = Release|Any CPU
		{684796FA-5163-4A0F-BF72-7691C12201FE}.Release|x86.Build.0 = Release|Any CPU
		{5288B89C-7599-4143-AF2D-2BF6B58D2BB6}.Debug|Any CPU.ActiveCfg = Debug|Any CPU
		{5288B89C-7599-4143-AF2D-2BF6B58D2BB6}.Debug|Any CPU.Build.0 = Debug|Any CPU
		{5288B89C-7599-4143-AF2D-2BF6B58D2BB6}.Debug|x64.ActiveCfg = Debug|Any CPU
		{5288B89C-7599-4143-AF2D-2BF6B58D2BB6}.Debug|x64.Build.0 = Debug|Any CPU
		{5288B89C-7599-4143-AF2D-2BF6B58D2BB6}.Debug|x86.ActiveCfg = Debug|Any CPU
		{5288B89C-7599-4143-AF2D-2BF6B58D2BB6}.Debug|x86.Build.0 = Debug|Any CPU
		{5288B89C-7599-4143-AF2D-2BF6B58D2BB6}.Release|Any CPU.ActiveCfg = Release|Any CPU
		{5288B89C-7599-4143-AF2D-2BF6B58D2BB6}.Release|Any CPU.Build.0 = Release|Any CPU
		{5288B89C-7599-4143-AF2D-2BF6B58D2BB6}.Release|x64.ActiveCfg = Release|Any CPU
		{5288B89C-7599-4143-AF2D-2BF6B58D2BB6}.Release|x64.Build.0 = Release|Any CPU
		{5288B89C-7599-4143-AF2D-2BF6B58D2BB6}.Release|x86.ActiveCfg = Release|Any CPU
		{5288B89C-7599-4143-AF2D-2BF6B58D2BB6}.Release|x86.Build.0 = Release|Any CPU
		{E699F958-DAC0-4DC2-9477-907F56EC7B2A}.Debug|Any CPU.ActiveCfg = Debug|Any CPU
		{E699F958-DAC0-4DC2-9477-907F56EC7B2A}.Debug|Any CPU.Build.0 = Debug|Any CPU
		{E699F958-DAC0-4DC2-9477-907F56EC7B2A}.Debug|x64.ActiveCfg = Debug|Any CPU
		{E699F958-DAC0-4DC2-9477-907F56EC7B2A}.Debug|x64.Build.0 = Debug|Any CPU
		{E699F958-DAC0-4DC2-9477-907F56EC7B2A}.Debug|x86.ActiveCfg = Debug|Any CPU
		{E699F958-DAC0-4DC2-9477-907F56EC7B2A}.Debug|x86.Build.0 = Debug|Any CPU
		{E699F958-DAC0-4DC2-9477-907F56EC7B2A}.Release|Any CPU.ActiveCfg = Release|Any CPU
		{E699F958-DAC0-4DC2-9477-907F56EC7B2A}.Release|Any CPU.Build.0 = Release|Any CPU
		{E699F958-DAC0-4DC2-9477-907F56EC7B2A}.Release|x64.ActiveCfg = Release|Any CPU
		{E699F958-DAC0-4DC2-9477-907F56EC7B2A}.Release|x64.Build.0 = Release|Any CPU
		{E699F958-DAC0-4DC2-9477-907F56EC7B2A}.Release|x86.ActiveCfg = Release|Any CPU
		{E699F958-DAC0-4DC2-9477-907F56EC7B2A}.Release|x86.Build.0 = Release|Any CPU
		{E866CAB2-DF6E-4455-B020-3AB6414A2CF1}.Debug|Any CPU.ActiveCfg = Debug|Any CPU
		{E866CAB2-DF6E-4455-B020-3AB6414A2CF1}.Debug|Any CPU.Build.0 = Debug|Any CPU
		{E866CAB2-DF6E-4455-B020-3AB6414A2CF1}.Debug|x64.ActiveCfg = Debug|Any CPU
		{E866CAB2-DF6E-4455-B020-3AB6414A2CF1}.Debug|x64.Build.0 = Debug|Any CPU
		{E866CAB2-DF6E-4455-B020-3AB6414A2CF1}.Debug|x86.ActiveCfg = Debug|Any CPU
		{E866CAB2-DF6E-4455-B020-3AB6414A2CF1}.Debug|x86.Build.0 = Debug|Any CPU
		{E866CAB2-DF6E-4455-B020-3AB6414A2CF1}.Release|Any CPU.ActiveCfg = Release|Any CPU
		{E866CAB2-DF6E-4455-B020-3AB6414A2CF1}.Release|Any CPU.Build.0 = Release|Any CPU
		{E866CAB2-DF6E-4455-B020-3AB6414A2CF1}.Release|x64.ActiveCfg = Release|Any CPU
		{E866CAB2-DF6E-4455-B020-3AB6414A2CF1}.Release|x64.Build.0 = Release|Any CPU
		{E866CAB2-DF6E-4455-B020-3AB6414A2CF1}.Release|x86.ActiveCfg = Release|Any CPU
		{E866CAB2-DF6E-4455-B020-3AB6414A2CF1}.Release|x86.Build.0 = Release|Any CPU
		{E49AF9D6-AB71-420D-A61E-5A2F69940B83}.Debug|Any CPU.ActiveCfg = Debug|Any CPU
		{E49AF9D6-AB71-420D-A61E-5A2F69940B83}.Debug|Any CPU.Build.0 = Debug|Any CPU
		{E49AF9D6-AB71-420D-A61E-5A2F69940B83}.Debug|x64.ActiveCfg = Debug|Any CPU
		{E49AF9D6-AB71-420D-A61E-5A2F69940B83}.Debug|x64.Build.0 = Debug|Any CPU
		{E49AF9D6-AB71-420D-A61E-5A2F69940B83}.Debug|x86.ActiveCfg = Debug|Any CPU
		{E49AF9D6-AB71-420D-A61E-5A2F69940B83}.Debug|x86.Build.0 = Debug|Any CPU
		{E49AF9D6-AB71-420D-A61E-5A2F69940B83}.Release|Any CPU.ActiveCfg = Release|Any CPU
		{E49AF9D6-AB71-420D-A61E-5A2F69940B83}.Release|Any CPU.Build.0 = Release|Any CPU
		{E49AF9D6-AB71-420D-A61E-5A2F69940B83}.Release|x64.ActiveCfg = Release|Any CPU
		{E49AF9D6-AB71-420D-A61E-5A2F69940B83}.Release|x64.Build.0 = Release|Any CPU
		{E49AF9D6-AB71-420D-A61E-5A2F69940B83}.Release|x86.ActiveCfg = Release|Any CPU
		{E49AF9D6-AB71-420D-A61E-5A2F69940B83}.Release|x86.Build.0 = Release|Any CPU
		{52AECED8-AF01-4CA3-A3C7-7C94BD0820A8}.Debug|Any CPU.ActiveCfg = Debug|Any CPU
		{52AECED8-AF01-4CA3-A3C7-7C94BD0820A8}.Debug|Any CPU.Build.0 = Debug|Any CPU
		{52AECED8-AF01-4CA3-A3C7-7C94BD0820A8}.Debug|x64.ActiveCfg = Debug|Any CPU
		{52AECED8-AF01-4CA3-A3C7-7C94BD0820A8}.Debug|x64.Build.0 = Debug|Any CPU
		{52AECED8-AF01-4CA3-A3C7-7C94BD0820A8}.Debug|x86.ActiveCfg = Debug|Any CPU
		{52AECED8-AF01-4CA3-A3C7-7C94BD0820A8}.Debug|x86.Build.0 = Debug|Any CPU
		{52AECED8-AF01-4CA3-A3C7-7C94BD0820A8}.Release|Any CPU.ActiveCfg = Release|Any CPU
		{52AECED8-AF01-4CA3-A3C7-7C94BD0820A8}.Release|Any CPU.Build.0 = Release|Any CPU
		{52AECED8-AF01-4CA3-A3C7-7C94BD0820A8}.Release|x64.ActiveCfg = Release|Any CPU
		{52AECED8-AF01-4CA3-A3C7-7C94BD0820A8}.Release|x64.Build.0 = Release|Any CPU
		{52AECED8-AF01-4CA3-A3C7-7C94BD0820A8}.Release|x86.ActiveCfg = Release|Any CPU
		{52AECED8-AF01-4CA3-A3C7-7C94BD0820A8}.Release|x86.Build.0 = Release|Any CPU
		{B8556016-D55D-4C84-B331-5369129D6A5F}.Debug|Any CPU.ActiveCfg = Debug|Any CPU
		{B8556016-D55D-4C84-B331-5369129D6A5F}.Debug|Any CPU.Build.0 = Debug|Any CPU
		{B8556016-D55D-4C84-B331-5369129D6A5F}.Debug|x64.ActiveCfg = Debug|Any CPU
		{B8556016-D55D-4C84-B331-5369129D6A5F}.Debug|x64.Build.0 = Debug|Any CPU
		{B8556016-D55D-4C84-B331-5369129D6A5F}.Debug|x86.ActiveCfg = Debug|Any CPU
		{B8556016-D55D-4C84-B331-5369129D6A5F}.Debug|x86.Build.0 = Debug|Any CPU
		{B8556016-D55D-4C84-B331-5369129D6A5F}.Release|Any CPU.ActiveCfg = Release|Any CPU
		{B8556016-D55D-4C84-B331-5369129D6A5F}.Release|Any CPU.Build.0 = Release|Any CPU
		{B8556016-D55D-4C84-B331-5369129D6A5F}.Release|x64.ActiveCfg = Release|Any CPU
		{B8556016-D55D-4C84-B331-5369129D6A5F}.Release|x64.Build.0 = Release|Any CPU
		{B8556016-D55D-4C84-B331-5369129D6A5F}.Release|x86.ActiveCfg = Release|Any CPU
		{B8556016-D55D-4C84-B331-5369129D6A5F}.Release|x86.Build.0 = Release|Any CPU
		{2D6C4BA5-BA0D-4C6D-BC29-FF5C80D85198}.Debug|Any CPU.ActiveCfg = Debug|Any CPU
		{2D6C4BA5-BA0D-4C6D-BC29-FF5C80D85198}.Debug|Any CPU.Build.0 = Debug|Any CPU
		{2D6C4BA5-BA0D-4C6D-BC29-FF5C80D85198}.Debug|x64.ActiveCfg = Debug|Any CPU
		{2D6C4BA5-BA0D-4C6D-BC29-FF5C80D85198}.Debug|x64.Build.0 = Debug|Any CPU
		{2D6C4BA5-BA0D-4C6D-BC29-FF5C80D85198}.Debug|x86.ActiveCfg = Debug|Any CPU
		{2D6C4BA5-BA0D-4C6D-BC29-FF5C80D85198}.Debug|x86.Build.0 = Debug|Any CPU
		{2D6C4BA5-BA0D-4C6D-BC29-FF5C80D85198}.Release|Any CPU.ActiveCfg = Release|Any CPU
		{2D6C4BA5-BA0D-4C6D-BC29-FF5C80D85198}.Release|Any CPU.Build.0 = Release|Any CPU
		{2D6C4BA5-BA0D-4C6D-BC29-FF5C80D85198}.Release|x64.ActiveCfg = Release|Any CPU
		{2D6C4BA5-BA0D-4C6D-BC29-FF5C80D85198}.Release|x64.Build.0 = Release|Any CPU
		{2D6C4BA5-BA0D-4C6D-BC29-FF5C80D85198}.Release|x86.ActiveCfg = Release|Any CPU
		{2D6C4BA5-BA0D-4C6D-BC29-FF5C80D85198}.Release|x86.Build.0 = Release|Any CPU
	EndGlobalSection
	GlobalSection(NestedProjects) = preSolution
		{95D5904F-C4F1-40A2-A563-31D80424EB90} = {6AFD1E9C-D89B-4385-8954-2BCEF239FA91}
		{C127651A-9D2C-45A8-8BFF-1AD0EC6EC6B4} = {A79427DA-5F26-44B5-B1CC-262DD2C5D1C8}
		{7085607A-F314-4E78-9A0B-550B7CA489B4} = {ADF14505-1C31-4298-A3F0-A0A10B625FB6}
		{810DDC7D-3C47-4ABD-8841-0637B9E17113} = {578D1827-8AA5-4063-9F64-C71AA8DCE05A}
		{699B7D6A-974A-4B95-BED5-881299273AD7} = {718B204D-35AD-45AB-B97A-897C9DD161E0}
		{87C033AF-505A-452A-AB09-BDD1C2A4ABD9} = {FAFB2316-567C-4EC6-BEB4-33807B564176}
		{75DFABBA-64FF-487F-8202-515F5689688B} = {3B2A1184-FFAD-48FA-BF7F-7B08AA01EF06}
		{D5FFADC1-E6D8-4621-B951-90C532D038C6} = {4E10F99B-4634-4A70-B6C3-85E14A5586F8}
		{870F785D-77CD-457B-9E66-35A4B2B7B8AB} = {73CC9D71-1A01-47EC-AF08-61776B010C0D}
		{76A6E39B-4F30-425F-898D-D57BF267744D} = {FCAB5732-E551-4234-B7D3-1C024D9F001D}
		{8EBD75C5-1585-46DC-A404-63B753519615} = {8E5B23F1-2E5B-4742-85E6-5FDDB8A0B57C}
		{C3DBD328-644B-48FF-A7B5-366D14C06A16} = {97BA516D-9F92-4CF8-945A-A0C83C40E976}
		{73A476D1-59DF-422D-A652-C177A8D6F9CB} = {C7745F6E-C0D4-439F-8FF0-8EF3261C9BD6}
		{0A3D3090-C058-415F-8E81-CC151C903096} = {016C4DCC-1FEA-4A57-AA03-FD45E959AAC7}
		{29E2F070-7168-4589-9BB3-2C6D771F1DCE} = {1C2BB0E9-08CC-4D1E-BFDE-33E681ACF252}
		{6C776353-5380-4313-BCA2-6EFD06897AE5} = {3655E570-B90D-468A-9AD0-9335473F9648}
		{AC9A7B0D-21B4-450D-BB81-444917080C42} = {AEF2D0DA-E928-4ADC-8C03-EB961F2EF5CA}
		{A5133B12-3021-4C73-A807-DD11AEC13726} = {3E40A78B-A53A-4C70-BE0C-7ABD648C7334}
		{B7006487-B9BC-46CF-8BA6-F46D37408519} = {55E87A10-16A2-43DA-89BD-8A5A22F6C718}
		{6DF48E34-0F0E-4AC9-83DD-5D9F17AEA14D} = {E4E6B5F0-9094-4D10-8C67-B638F1EC6C33}
		{7A684008-0FAD-413A-B62B-3904B96280D3} = {8874B5FC-5242-4D91-8599-E63F29DCD177}
		{510B3C4E-B388-4F4C-9FA8-DC5EA33B10A3} = {4FF93FCF-61A7-4B71-9A49-4107D50CE632}
		{4BB31449-F592-4711-BE3C-9A83B9659DE1} = {32A674BE-4C81-4768-8712-DA3ED72875C1}
		{684796FA-5163-4A0F-BF72-7691C12201FE} = {829E08D7-AFF6-4C6B-8293-FA386407A816}
		{5288B89C-7599-4143-AF2D-2BF6B58D2BB6} = {16DE7696-CEA2-45D7-BD75-B27D9E17092C}
		{E699F958-DAC0-4DC2-9477-907F56EC7B2A} = {7C2F0B86-FB12-476B-A09E-7D00AB535DEC}
		{E866CAB2-DF6E-4455-B020-3AB6414A2CF1} = {1CA9394F-BEB3-47FC-A0DE-06891E83BA99}
		{E49AF9D6-AB71-420D-A61E-5A2F69940B83} = {A4CB1295-ADA4-4E31-BD86-27BEA0F83331}
		{52AECED8-AF01-4CA3-A3C7-7C94BD0820A8} = {9F327BB1-5242-46F1-8D90-9D7B19471070}
		{B8556016-D55D-4C84-B331-5369129D6A5F} = {91687B8F-58F5-4BD4-ADD5-F5F6D9A643BF}
		{2D6C4BA5-BA0D-4C6D-BC29-FF5C80D85198} = {FD4AC138-9A66-4E84-B512-319A59FDDC0A}
	EndGlobalSection
EndGlobal
