
Microsoft Visual Studio Solution File, Format Version 12.00
# Visual Studio 15
VisualStudioVersion = 15.0.26124.0
MinimumVisualStudioVersion = 15.0.26124.0
Project("{FAE04EC0-301F-11D3-BF4B-00C04F79EFBC}") = "AppBar", "AppBar\src\AppBar.csproj", "{95F9DC52-91C4-468D-AE58-06073503EB92}"
EndProject
Project("{FAE04EC0-301F-11D3-BF4B-00C04F79EFBC}") = "Avatar", "Avatar\src\Avatar.csproj", "{64FA9A6A-5F9B-49D7-B828-6B8562509084}"
EndProject
Project("{FAE04EC0-301F-11D3-BF4B-00C04F79EFBC}") = "Badge", "Badge\src\Badge.csproj", "{CDF9553A-A00C-4841-B48B-8C2A8913FDD5}"
EndProject
Project("{FAE04EC0-301F-11D3-BF4B-00C04F79EFBC}") = "Baseline", "Baseline\src\Baseline.csproj", "{BB9BF227-B511-4296-BC33-1713D2C6BAFA}"
EndProject
Project("{FAE04EC0-301F-11D3-BF4B-00C04F79EFBC}") = "Button", "Button\src\Button.csproj", "{6DD5585C-F980-487B-A389-F4EF96AFDBB6}"
EndProject
Project("{FAE04EC0-301F-11D3-BF4B-00C04F79EFBC}") = "Card", "Card\src\Card.csproj", "{35F37A50-219E-4221-8CA0-257371D5D759}"
EndProject
Project("{FAE04EC0-301F-11D3-BF4B-00C04F79EFBC}") = "Component", "Core\src\Core.csproj", "{E25A482B-EFFD-45F1-81D9-8E3C5179BB8C}"
EndProject
Project("{FAE04EC0-301F-11D3-BF4B-00C04F79EFBC}") = "Dialog", "Dialog\src\Dialog.csproj", "{C3B6C43C-8CC7-4961-8D27-971C9D759A66}"
EndProject
Project("{FAE04EC0-301F-11D3-BF4B-00C04F79EFBC}") = "Divider", "Divider\src\Divider.csproj", "{BC08CFD9-8A81-49B2-85BF-416A7DE4CF20}"
EndProject
Project("{FAE04EC0-301F-11D3-BF4B-00C04F79EFBC}") = "Drawer", "Drawer\src\Drawer.csproj", "{3F3B4CEC-91CD-4F29-9673-ED180A0AABC9}"
EndProject
Project("{FAE04EC0-301F-11D3-BF4B-00C04F79EFBC}") = "Form", "Form\src\Form.csproj", "{DFC70D70-DDA6-4B01-BC91-24D9FA57AA97}"
EndProject
Project("{FAE04EC0-301F-11D3-BF4B-00C04F79EFBC}") = "Grid", "Grid\src\Grid.csproj", "{92EC9D10-7085-4F24-9EC6-44D8E93CDBA5}"
EndProject
Project("{FAE04EC0-301F-11D3-BF4B-00C04F79EFBC}") = "Icon", "Icon\src\Icon.csproj", "{B2687AA8-EB9B-40A1-AC17-759B4A5C87F2}"
EndProject
Project("{FAE04EC0-301F-11D3-BF4B-00C04F79EFBC}") = "Input", "Input\src\Input.csproj", "{BFC7D158-44F7-4DE5-B067-9DC7C40F365F}"
EndProject
Project("{FAE04EC0-301F-11D3-BF4B-00C04F79EFBC}") = "List", "List\src\List.csproj", "{3E22F492-F8C0-4B4B-B61D-BCB23F879054}"
EndProject
Project("{FAE04EC0-301F-11D3-BF4B-00C04F79EFBC}") = "Modal", "Modal\src\Modal.csproj", "{651BFF1E-0855-4A84-BC71-6AA8709C89C7}"
EndProject
Project("{FAE04EC0-301F-11D3-BF4B-00C04F79EFBC}") = "Paper", "Paper\src\Paper.csproj", "{CA638221-AAF5-4D14-87D0-9D5AA38036D4}"
EndProject
Project("{FAE04EC0-301F-11D3-BF4B-00C04F79EFBC}") = "Progress", "Progress\src\Progress.csproj", "{814EC598-C5BC-405D-8A58-9D97EB42A4D7}"
EndProject
Project("{FAE04EC0-301F-11D3-BF4B-00C04F79EFBC}") = "Script", "Script\src\Script.csproj", "{0758F0B7-5131-4A0F-8A7C-41A9497F36B0}"
EndProject
Project("{FAE04EC0-301F-11D3-BF4B-00C04F79EFBC}") = "Selection", "Selection\src\Selection.csproj", "{DC2FF77B-F3D0-4659-82DC-D2CD7BD46E04}"
EndProject
Project("{FAE04EC0-301F-11D3-BF4B-00C04F79EFBC}") = "Table", "Table\src\Table.csproj", "{55B65E0B-285F-4AD2-939F-E8312DFEF65D}"
EndProject
Project("{FAE04EC0-301F-11D3-BF4B-00C04F79EFBC}") = "Text", "Text\src\Text.csproj", "{C75635FC-442F-49BB-96DC-87CB8260B5AB}"
EndProject
Project("{FAE04EC0-301F-11D3-BF4B-00C04F79EFBC}") = "Toolbar", "Toolbar\src\Toolbar.csproj", "{1CAC8D44-F2E8-42E9-85D5-FCE7586B5886}"
EndProject
Project("{FAE04EC0-301F-11D3-BF4B-00C04F79EFBC}") = "Transition", "Transition\src\Transition.csproj", "{FD5C35C3-8F2D-42D7-88EF-2C4B4859EEAA}"
EndProject
Project("{FAE04EC0-301F-11D3-BF4B-00C04F79EFBC}") = "Typography", "Typography\src\Typography.csproj", "{81AA6345-2D3C-4AA3-A9E2-38CA507C949E}"
EndProject
Project("{FAE04EC0-301F-11D3-BF4B-00C04F79EFBC}") = "Hidden", "Hidden\src\Hidden.csproj", "{926124D5-A350-410E-B744-DC47A69C635F}"
EndProject
Project("{FAE04EC0-301F-11D3-BF4B-00C04F79EFBC}") = "Theme", "Theme\src\Theme.csproj", "{CA19D592-0851-4390-91B1-EEB64D3E4AEF}"
EndProject
Project("{FAE04EC0-301F-11D3-BF4B-00C04F79EFBC}") = "Material", "Material\src\Material.csproj", "{379256A3-0025-44AF-AB7F-5D24F6D20AD8}"
EndProject
Global
	GlobalSection(SolutionConfigurationPlatforms) = preSolution
		Debug|Any CPU = Debug|Any CPU
		Debug|x64 = Debug|x64
		Debug|x86 = Debug|x86
		Release|Any CPU = Release|Any CPU
		Release|x64 = Release|x64
		Release|x86 = Release|x86
	EndGlobalSection
	GlobalSection(SolutionProperties) = preSolution
		HideSolutionNode = FALSE
	EndGlobalSection
	GlobalSection(ProjectConfigurationPlatforms) = postSolution
		{95F9DC52-91C4-468D-AE58-06073503EB92}.Debug|Any CPU.ActiveCfg = Debug|Any CPU
		{95F9DC52-91C4-468D-AE58-06073503EB92}.Debug|Any CPU.Build.0 = Debug|Any CPU
		{95F9DC52-91C4-468D-AE58-06073503EB92}.Debug|x64.ActiveCfg = Debug|Any CPU
		{95F9DC52-91C4-468D-AE58-06073503EB92}.Debug|x64.Build.0 = Debug|Any CPU
		{95F9DC52-91C4-468D-AE58-06073503EB92}.Debug|x86.ActiveCfg = Debug|Any CPU
		{95F9DC52-91C4-468D-AE58-06073503EB92}.Debug|x86.Build.0 = Debug|Any CPU
		{95F9DC52-91C4-468D-AE58-06073503EB92}.Release|Any CPU.ActiveCfg = Release|Any CPU
		{95F9DC52-91C4-468D-AE58-06073503EB92}.Release|Any CPU.Build.0 = Release|Any CPU
		{95F9DC52-91C4-468D-AE58-06073503EB92}.Release|x64.ActiveCfg = Release|Any CPU
		{95F9DC52-91C4-468D-AE58-06073503EB92}.Release|x64.Build.0 = Release|Any CPU
		{95F9DC52-91C4-468D-AE58-06073503EB92}.Release|x86.ActiveCfg = Release|Any CPU
		{95F9DC52-91C4-468D-AE58-06073503EB92}.Release|x86.Build.0 = Release|Any CPU
		{64FA9A6A-5F9B-49D7-B828-6B8562509084}.Debug|Any CPU.ActiveCfg = Debug|Any CPU
		{64FA9A6A-5F9B-49D7-B828-6B8562509084}.Debug|Any CPU.Build.0 = Debug|Any CPU
		{64FA9A6A-5F9B-49D7-B828-6B8562509084}.Debug|x64.ActiveCfg = Debug|Any CPU
		{64FA9A6A-5F9B-49D7-B828-6B8562509084}.Debug|x64.Build.0 = Debug|Any CPU
		{64FA9A6A-5F9B-49D7-B828-6B8562509084}.Debug|x86.ActiveCfg = Debug|Any CPU
		{64FA9A6A-5F9B-49D7-B828-6B8562509084}.Debug|x86.Build.0 = Debug|Any CPU
		{64FA9A6A-5F9B-49D7-B828-6B8562509084}.Release|Any CPU.ActiveCfg = Release|Any CPU
		{64FA9A6A-5F9B-49D7-B828-6B8562509084}.Release|Any CPU.Build.0 = Release|Any CPU
		{64FA9A6A-5F9B-49D7-B828-6B8562509084}.Release|x64.ActiveCfg = Release|Any CPU
		{64FA9A6A-5F9B-49D7-B828-6B8562509084}.Release|x64.Build.0 = Release|Any CPU
		{64FA9A6A-5F9B-49D7-B828-6B8562509084}.Release|x86.ActiveCfg = Release|Any CPU
		{64FA9A6A-5F9B-49D7-B828-6B8562509084}.Release|x86.Build.0 = Release|Any CPU
		{CDF9553A-A00C-4841-B48B-8C2A8913FDD5}.Debug|Any CPU.ActiveCfg = Debug|Any CPU
		{CDF9553A-A00C-4841-B48B-8C2A8913FDD5}.Debug|Any CPU.Build.0 = Debug|Any CPU
		{CDF9553A-A00C-4841-B48B-8C2A8913FDD5}.Debug|x64.ActiveCfg = Debug|Any CPU
		{CDF9553A-A00C-4841-B48B-8C2A8913FDD5}.Debug|x64.Build.0 = Debug|Any CPU
		{CDF9553A-A00C-4841-B48B-8C2A8913FDD5}.Debug|x86.ActiveCfg = Debug|Any CPU
		{CDF9553A-A00C-4841-B48B-8C2A8913FDD5}.Debug|x86.Build.0 = Debug|Any CPU
		{CDF9553A-A00C-4841-B48B-8C2A8913FDD5}.Release|Any CPU.ActiveCfg = Release|Any CPU
		{CDF9553A-A00C-4841-B48B-8C2A8913FDD5}.Release|Any CPU.Build.0 = Release|Any CPU
		{CDF9553A-A00C-4841-B48B-8C2A8913FDD5}.Release|x64.ActiveCfg = Release|Any CPU
		{CDF9553A-A00C-4841-B48B-8C2A8913FDD5}.Release|x64.Build.0 = Release|Any CPU
		{CDF9553A-A00C-4841-B48B-8C2A8913FDD5}.Release|x86.ActiveCfg = Release|Any CPU
		{CDF9553A-A00C-4841-B48B-8C2A8913FDD5}.Release|x86.Build.0 = Release|Any CPU
		{BB9BF227-B511-4296-BC33-1713D2C6BAFA}.Debug|Any CPU.ActiveCfg = Debug|Any CPU
		{BB9BF227-B511-4296-BC33-1713D2C6BAFA}.Debug|Any CPU.Build.0 = Debug|Any CPU
		{BB9BF227-B511-4296-BC33-1713D2C6BAFA}.Debug|x64.ActiveCfg = Debug|Any CPU
		{BB9BF227-B511-4296-BC33-1713D2C6BAFA}.Debug|x64.Build.0 = Debug|Any CPU
		{BB9BF227-B511-4296-BC33-1713D2C6BAFA}.Debug|x86.ActiveCfg = Debug|Any CPU
		{BB9BF227-B511-4296-BC33-1713D2C6BAFA}.Debug|x86.Build.0 = Debug|Any CPU
		{BB9BF227-B511-4296-BC33-1713D2C6BAFA}.Release|Any CPU.ActiveCfg = Release|Any CPU
		{BB9BF227-B511-4296-BC33-1713D2C6BAFA}.Release|Any CPU.Build.0 = Release|Any CPU
		{BB9BF227-B511-4296-BC33-1713D2C6BAFA}.Release|x64.ActiveCfg = Release|Any CPU
		{BB9BF227-B511-4296-BC33-1713D2C6BAFA}.Release|x64.Build.0 = Release|Any CPU
		{BB9BF227-B511-4296-BC33-1713D2C6BAFA}.Release|x86.ActiveCfg = Release|Any CPU
		{BB9BF227-B511-4296-BC33-1713D2C6BAFA}.Release|x86.Build.0 = Release|Any CPU
		{6DD5585C-F980-487B-A389-F4EF96AFDBB6}.Debug|Any CPU.ActiveCfg = Debug|Any CPU
		{6DD5585C-F980-487B-A389-F4EF96AFDBB6}.Debug|Any CPU.Build.0 = Debug|Any CPU
		{6DD5585C-F980-487B-A389-F4EF96AFDBB6}.Debug|x64.ActiveCfg = Debug|Any CPU
		{6DD5585C-F980-487B-A389-F4EF96AFDBB6}.Debug|x64.Build.0 = Debug|Any CPU
		{6DD5585C-F980-487B-A389-F4EF96AFDBB6}.Debug|x86.ActiveCfg = Debug|Any CPU
		{6DD5585C-F980-487B-A389-F4EF96AFDBB6}.Debug|x86.Build.0 = Debug|Any CPU
		{6DD5585C-F980-487B-A389-F4EF96AFDBB6}.Release|Any CPU.ActiveCfg = Release|Any CPU
		{6DD5585C-F980-487B-A389-F4EF96AFDBB6}.Release|Any CPU.Build.0 = Release|Any CPU
		{6DD5585C-F980-487B-A389-F4EF96AFDBB6}.Release|x64.ActiveCfg = Release|Any CPU
		{6DD5585C-F980-487B-A389-F4EF96AFDBB6}.Release|x64.Build.0 = Release|Any CPU
		{6DD5585C-F980-487B-A389-F4EF96AFDBB6}.Release|x86.ActiveCfg = Release|Any CPU
		{6DD5585C-F980-487B-A389-F4EF96AFDBB6}.Release|x86.Build.0 = Release|Any CPU
		{35F37A50-219E-4221-8CA0-257371D5D759}.Debug|Any CPU.ActiveCfg = Debug|Any CPU
		{35F37A50-219E-4221-8CA0-257371D5D759}.Debug|Any CPU.Build.0 = Debug|Any CPU
		{35F37A50-219E-4221-8CA0-257371D5D759}.Debug|x64.ActiveCfg = Debug|Any CPU
		{35F37A50-219E-4221-8CA0-257371D5D759}.Debug|x64.Build.0 = Debug|Any CPU
		{35F37A50-219E-4221-8CA0-257371D5D759}.Debug|x86.ActiveCfg = Debug|Any CPU
		{35F37A50-219E-4221-8CA0-257371D5D759}.Debug|x86.Build.0 = Debug|Any CPU
		{35F37A50-219E-4221-8CA0-257371D5D759}.Release|Any CPU.ActiveCfg = Release|Any CPU
		{35F37A50-219E-4221-8CA0-257371D5D759}.Release|Any CPU.Build.0 = Release|Any CPU
		{35F37A50-219E-4221-8CA0-257371D5D759}.Release|x64.ActiveCfg = Release|Any CPU
		{35F37A50-219E-4221-8CA0-257371D5D759}.Release|x64.Build.0 = Release|Any CPU
		{35F37A50-219E-4221-8CA0-257371D5D759}.Release|x86.ActiveCfg = Release|Any CPU
		{35F37A50-219E-4221-8CA0-257371D5D759}.Release|x86.Build.0 = Release|Any CPU
		{E25A482B-EFFD-45F1-81D9-8E3C5179BB8C}.Debug|Any CPU.ActiveCfg = Debug|Any CPU
		{E25A482B-EFFD-45F1-81D9-8E3C5179BB8C}.Debug|Any CPU.Build.0 = Debug|Any CPU
		{E25A482B-EFFD-45F1-81D9-8E3C5179BB8C}.Debug|x64.ActiveCfg = Debug|Any CPU
		{E25A482B-EFFD-45F1-81D9-8E3C5179BB8C}.Debug|x64.Build.0 = Debug|Any CPU
		{E25A482B-EFFD-45F1-81D9-8E3C5179BB8C}.Debug|x86.ActiveCfg = Debug|Any CPU
		{E25A482B-EFFD-45F1-81D9-8E3C5179BB8C}.Debug|x86.Build.0 = Debug|Any CPU
		{E25A482B-EFFD-45F1-81D9-8E3C5179BB8C}.Release|Any CPU.ActiveCfg = Release|Any CPU
		{E25A482B-EFFD-45F1-81D9-8E3C5179BB8C}.Release|Any CPU.Build.0 = Release|Any CPU
		{E25A482B-EFFD-45F1-81D9-8E3C5179BB8C}.Release|x64.ActiveCfg = Release|Any CPU
		{E25A482B-EFFD-45F1-81D9-8E3C5179BB8C}.Release|x64.Build.0 = Release|Any CPU
		{E25A482B-EFFD-45F1-81D9-8E3C5179BB8C}.Release|x86.ActiveCfg = Release|Any CPU
		{E25A482B-EFFD-45F1-81D9-8E3C5179BB8C}.Release|x86.Build.0 = Release|Any CPU
		{C3B6C43C-8CC7-4961-8D27-971C9D759A66}.Debug|Any CPU.ActiveCfg = Debug|Any CPU
		{C3B6C43C-8CC7-4961-8D27-971C9D759A66}.Debug|Any CPU.Build.0 = Debug|Any CPU
		{C3B6C43C-8CC7-4961-8D27-971C9D759A66}.Debug|x64.ActiveCfg = Debug|Any CPU
		{C3B6C43C-8CC7-4961-8D27-971C9D759A66}.Debug|x64.Build.0 = Debug|Any CPU
		{C3B6C43C-8CC7-4961-8D27-971C9D759A66}.Debug|x86.ActiveCfg = Debug|Any CPU
		{C3B6C43C-8CC7-4961-8D27-971C9D759A66}.Debug|x86.Build.0 = Debug|Any CPU
		{C3B6C43C-8CC7-4961-8D27-971C9D759A66}.Release|Any CPU.ActiveCfg = Release|Any CPU
		{C3B6C43C-8CC7-4961-8D27-971C9D759A66}.Release|Any CPU.Build.0 = Release|Any CPU
		{C3B6C43C-8CC7-4961-8D27-971C9D759A66}.Release|x64.ActiveCfg = Release|Any CPU
		{C3B6C43C-8CC7-4961-8D27-971C9D759A66}.Release|x64.Build.0 = Release|Any CPU
		{C3B6C43C-8CC7-4961-8D27-971C9D759A66}.Release|x86.ActiveCfg = Release|Any CPU
		{C3B6C43C-8CC7-4961-8D27-971C9D759A66}.Release|x86.Build.0 = Release|Any CPU
		{BC08CFD9-8A81-49B2-85BF-416A7DE4CF20}.Debug|Any CPU.ActiveCfg = Debug|Any CPU
		{BC08CFD9-8A81-49B2-85BF-416A7DE4CF20}.Debug|Any CPU.Build.0 = Debug|Any CPU
		{BC08CFD9-8A81-49B2-85BF-416A7DE4CF20}.Debug|x64.ActiveCfg = Debug|Any CPU
		{BC08CFD9-8A81-49B2-85BF-416A7DE4CF20}.Debug|x64.Build.0 = Debug|Any CPU
		{BC08CFD9-8A81-49B2-85BF-416A7DE4CF20}.Debug|x86.ActiveCfg = Debug|Any CPU
		{BC08CFD9-8A81-49B2-85BF-416A7DE4CF20}.Debug|x86.Build.0 = Debug|Any CPU
		{BC08CFD9-8A81-49B2-85BF-416A7DE4CF20}.Release|Any CPU.ActiveCfg = Release|Any CPU
		{BC08CFD9-8A81-49B2-85BF-416A7DE4CF20}.Release|Any CPU.Build.0 = Release|Any CPU
		{BC08CFD9-8A81-49B2-85BF-416A7DE4CF20}.Release|x64.ActiveCfg = Release|Any CPU
		{BC08CFD9-8A81-49B2-85BF-416A7DE4CF20}.Release|x64.Build.0 = Release|Any CPU
		{BC08CFD9-8A81-49B2-85BF-416A7DE4CF20}.Release|x86.ActiveCfg = Release|Any CPU
		{BC08CFD9-8A81-49B2-85BF-416A7DE4CF20}.Release|x86.Build.0 = Release|Any CPU
		{3F3B4CEC-91CD-4F29-9673-ED180A0AABC9}.Debug|Any CPU.ActiveCfg = Debug|Any CPU
		{3F3B4CEC-91CD-4F29-9673-ED180A0AABC9}.Debug|Any CPU.Build.0 = Debug|Any CPU
		{3F3B4CEC-91CD-4F29-9673-ED180A0AABC9}.Debug|x64.ActiveCfg = Debug|Any CPU
		{3F3B4CEC-91CD-4F29-9673-ED180A0AABC9}.Debug|x64.Build.0 = Debug|Any CPU
		{3F3B4CEC-91CD-4F29-9673-ED180A0AABC9}.Debug|x86.ActiveCfg = Debug|Any CPU
		{3F3B4CEC-91CD-4F29-9673-ED180A0AABC9}.Debug|x86.Build.0 = Debug|Any CPU
		{3F3B4CEC-91CD-4F29-9673-ED180A0AABC9}.Release|Any CPU.ActiveCfg = Release|Any CPU
		{3F3B4CEC-91CD-4F29-9673-ED180A0AABC9}.Release|Any CPU.Build.0 = Release|Any CPU
		{3F3B4CEC-91CD-4F29-9673-ED180A0AABC9}.Release|x64.ActiveCfg = Release|Any CPU
		{3F3B4CEC-91CD-4F29-9673-ED180A0AABC9}.Release|x64.Build.0 = Release|Any CPU
		{3F3B4CEC-91CD-4F29-9673-ED180A0AABC9}.Release|x86.ActiveCfg = Release|Any CPU
		{3F3B4CEC-91CD-4F29-9673-ED180A0AABC9}.Release|x86.Build.0 = Release|Any CPU
		{DFC70D70-DDA6-4B01-BC91-24D9FA57AA97}.Debug|Any CPU.ActiveCfg = Debug|Any CPU
		{DFC70D70-DDA6-4B01-BC91-24D9FA57AA97}.Debug|Any CPU.Build.0 = Debug|Any CPU
		{DFC70D70-DDA6-4B01-BC91-24D9FA57AA97}.Debug|x64.ActiveCfg = Debug|Any CPU
		{DFC70D70-DDA6-4B01-BC91-24D9FA57AA97}.Debug|x64.Build.0 = Debug|Any CPU
		{DFC70D70-DDA6-4B01-BC91-24D9FA57AA97}.Debug|x86.ActiveCfg = Debug|Any CPU
		{DFC70D70-DDA6-4B01-BC91-24D9FA57AA97}.Debug|x86.Build.0 = Debug|Any CPU
		{DFC70D70-DDA6-4B01-BC91-24D9FA57AA97}.Release|Any CPU.ActiveCfg = Release|Any CPU
		{DFC70D70-DDA6-4B01-BC91-24D9FA57AA97}.Release|Any CPU.Build.0 = Release|Any CPU
		{DFC70D70-DDA6-4B01-BC91-24D9FA57AA97}.Release|x64.ActiveCfg = Release|Any CPU
		{DFC70D70-DDA6-4B01-BC91-24D9FA57AA97}.Release|x64.Build.0 = Release|Any CPU
		{DFC70D70-DDA6-4B01-BC91-24D9FA57AA97}.Release|x86.ActiveCfg = Release|Any CPU
		{DFC70D70-DDA6-4B01-BC91-24D9FA57AA97}.Release|x86.Build.0 = Release|Any CPU
		{92EC9D10-7085-4F24-9EC6-44D8E93CDBA5}.Debug|Any CPU.ActiveCfg = Debug|Any CPU
		{92EC9D10-7085-4F24-9EC6-44D8E93CDBA5}.Debug|Any CPU.Build.0 = Debug|Any CPU
		{92EC9D10-7085-4F24-9EC6-44D8E93CDBA5}.Debug|x64.ActiveCfg = Debug|Any CPU
		{92EC9D10-7085-4F24-9EC6-44D8E93CDBA5}.Debug|x64.Build.0 = Debug|Any CPU
		{92EC9D10-7085-4F24-9EC6-44D8E93CDBA5}.Debug|x86.ActiveCfg = Debug|Any CPU
		{92EC9D10-7085-4F24-9EC6-44D8E93CDBA5}.Debug|x86.Build.0 = Debug|Any CPU
		{92EC9D10-7085-4F24-9EC6-44D8E93CDBA5}.Release|Any CPU.ActiveCfg = Release|Any CPU
		{92EC9D10-7085-4F24-9EC6-44D8E93CDBA5}.Release|Any CPU.Build.0 = Release|Any CPU
		{92EC9D10-7085-4F24-9EC6-44D8E93CDBA5}.Release|x64.ActiveCfg = Release|Any CPU
		{92EC9D10-7085-4F24-9EC6-44D8E93CDBA5}.Release|x64.Build.0 = Release|Any CPU
		{92EC9D10-7085-4F24-9EC6-44D8E93CDBA5}.Release|x86.ActiveCfg = Release|Any CPU
		{92EC9D10-7085-4F24-9EC6-44D8E93CDBA5}.Release|x86.Build.0 = Release|Any CPU
		{B2687AA8-EB9B-40A1-AC17-759B4A5C87F2}.Debug|Any CPU.ActiveCfg = Debug|Any CPU
		{B2687AA8-EB9B-40A1-AC17-759B4A5C87F2}.Debug|Any CPU.Build.0 = Debug|Any CPU
		{B2687AA8-EB9B-40A1-AC17-759B4A5C87F2}.Debug|x64.ActiveCfg = Debug|Any CPU
		{B2687AA8-EB9B-40A1-AC17-759B4A5C87F2}.Debug|x64.Build.0 = Debug|Any CPU
		{B2687AA8-EB9B-40A1-AC17-759B4A5C87F2}.Debug|x86.ActiveCfg = Debug|Any CPU
		{B2687AA8-EB9B-40A1-AC17-759B4A5C87F2}.Debug|x86.Build.0 = Debug|Any CPU
		{B2687AA8-EB9B-40A1-AC17-759B4A5C87F2}.Release|Any CPU.ActiveCfg = Release|Any CPU
		{B2687AA8-EB9B-40A1-AC17-759B4A5C87F2}.Release|Any CPU.Build.0 = Release|Any CPU
		{B2687AA8-EB9B-40A1-AC17-759B4A5C87F2}.Release|x64.ActiveCfg = Release|Any CPU
		{B2687AA8-EB9B-40A1-AC17-759B4A5C87F2}.Release|x64.Build.0 = Release|Any CPU
		{B2687AA8-EB9B-40A1-AC17-759B4A5C87F2}.Release|x86.ActiveCfg = Release|Any CPU
		{B2687AA8-EB9B-40A1-AC17-759B4A5C87F2}.Release|x86.Build.0 = Release|Any CPU
		{BFC7D158-44F7-4DE5-B067-9DC7C40F365F}.Debug|Any CPU.ActiveCfg = Debug|Any CPU
		{BFC7D158-44F7-4DE5-B067-9DC7C40F365F}.Debug|Any CPU.Build.0 = Debug|Any CPU
		{BFC7D158-44F7-4DE5-B067-9DC7C40F365F}.Debug|x64.ActiveCfg = Debug|Any CPU
		{BFC7D158-44F7-4DE5-B067-9DC7C40F365F}.Debug|x64.Build.0 = Debug|Any CPU
		{BFC7D158-44F7-4DE5-B067-9DC7C40F365F}.Debug|x86.ActiveCfg = Debug|Any CPU
		{BFC7D158-44F7-4DE5-B067-9DC7C40F365F}.Debug|x86.Build.0 = Debug|Any CPU
		{BFC7D158-44F7-4DE5-B067-9DC7C40F365F}.Release|Any CPU.ActiveCfg = Release|Any CPU
		{BFC7D158-44F7-4DE5-B067-9DC7C40F365F}.Release|Any CPU.Build.0 = Release|Any CPU
		{BFC7D158-44F7-4DE5-B067-9DC7C40F365F}.Release|x64.ActiveCfg = Release|Any CPU
		{BFC7D158-44F7-4DE5-B067-9DC7C40F365F}.Release|x64.Build.0 = Release|Any CPU
		{BFC7D158-44F7-4DE5-B067-9DC7C40F365F}.Release|x86.ActiveCfg = Release|Any CPU
		{BFC7D158-44F7-4DE5-B067-9DC7C40F365F}.Release|x86.Build.0 = Release|Any CPU
		{3E22F492-F8C0-4B4B-B61D-BCB23F879054}.Debug|Any CPU.ActiveCfg = Debug|Any CPU
		{3E22F492-F8C0-4B4B-B61D-BCB23F879054}.Debug|Any CPU.Build.0 = Debug|Any CPU
		{3E22F492-F8C0-4B4B-B61D-BCB23F879054}.Debug|x64.ActiveCfg = Debug|Any CPU
		{3E22F492-F8C0-4B4B-B61D-BCB23F879054}.Debug|x64.Build.0 = Debug|Any CPU
		{3E22F492-F8C0-4B4B-B61D-BCB23F879054}.Debug|x86.ActiveCfg = Debug|Any CPU
		{3E22F492-F8C0-4B4B-B61D-BCB23F879054}.Debug|x86.Build.0 = Debug|Any CPU
		{3E22F492-F8C0-4B4B-B61D-BCB23F879054}.Release|Any CPU.ActiveCfg = Release|Any CPU
		{3E22F492-F8C0-4B4B-B61D-BCB23F879054}.Release|Any CPU.Build.0 = Release|Any CPU
		{3E22F492-F8C0-4B4B-B61D-BCB23F879054}.Release|x64.ActiveCfg = Release|Any CPU
		{3E22F492-F8C0-4B4B-B61D-BCB23F879054}.Release|x64.Build.0 = Release|Any CPU
		{3E22F492-F8C0-4B4B-B61D-BCB23F879054}.Release|x86.ActiveCfg = Release|Any CPU
		{3E22F492-F8C0-4B4B-B61D-BCB23F879054}.Release|x86.Build.0 = Release|Any CPU
		{651BFF1E-0855-4A84-BC71-6AA8709C89C7}.Debug|Any CPU.ActiveCfg = Debug|Any CPU
		{651BFF1E-0855-4A84-BC71-6AA8709C89C7}.Debug|Any CPU.Build.0 = Debug|Any CPU
		{651BFF1E-0855-4A84-BC71-6AA8709C89C7}.Debug|x64.ActiveCfg = Debug|Any CPU
		{651BFF1E-0855-4A84-BC71-6AA8709C89C7}.Debug|x64.Build.0 = Debug|Any CPU
		{651BFF1E-0855-4A84-BC71-6AA8709C89C7}.Debug|x86.ActiveCfg = Debug|Any CPU
		{651BFF1E-0855-4A84-BC71-6AA8709C89C7}.Debug|x86.Build.0 = Debug|Any CPU
		{651BFF1E-0855-4A84-BC71-6AA8709C89C7}.Release|Any CPU.ActiveCfg = Release|Any CPU
		{651BFF1E-0855-4A84-BC71-6AA8709C89C7}.Release|Any CPU.Build.0 = Release|Any CPU
		{651BFF1E-0855-4A84-BC71-6AA8709C89C7}.Release|x64.ActiveCfg = Release|Any CPU
		{651BFF1E-0855-4A84-BC71-6AA8709C89C7}.Release|x64.Build.0 = Release|Any CPU
		{651BFF1E-0855-4A84-BC71-6AA8709C89C7}.Release|x86.ActiveCfg = Release|Any CPU
		{651BFF1E-0855-4A84-BC71-6AA8709C89C7}.Release|x86.Build.0 = Release|Any CPU
		{CA638221-AAF5-4D14-87D0-9D5AA38036D4}.Debug|Any CPU.ActiveCfg = Debug|Any CPU
		{CA638221-AAF5-4D14-87D0-9D5AA38036D4}.Debug|Any CPU.Build.0 = Debug|Any CPU
		{CA638221-AAF5-4D14-87D0-9D5AA38036D4}.Debug|x64.ActiveCfg = Debug|Any CPU
		{CA638221-AAF5-4D14-87D0-9D5AA38036D4}.Debug|x64.Build.0 = Debug|Any CPU
		{CA638221-AAF5-4D14-87D0-9D5AA38036D4}.Debug|x86.ActiveCfg = Debug|Any CPU
		{CA638221-AAF5-4D14-87D0-9D5AA38036D4}.Debug|x86.Build.0 = Debug|Any CPU
		{CA638221-AAF5-4D14-87D0-9D5AA38036D4}.Release|Any CPU.ActiveCfg = Release|Any CPU
		{CA638221-AAF5-4D14-87D0-9D5AA38036D4}.Release|Any CPU.Build.0 = Release|Any CPU
		{CA638221-AAF5-4D14-87D0-9D5AA38036D4}.Release|x64.ActiveCfg = Release|Any CPU
		{CA638221-AAF5-4D14-87D0-9D5AA38036D4}.Release|x64.Build.0 = Release|Any CPU
		{CA638221-AAF5-4D14-87D0-9D5AA38036D4}.Release|x86.ActiveCfg = Release|Any CPU
		{CA638221-AAF5-4D14-87D0-9D5AA38036D4}.Release|x86.Build.0 = Release|Any CPU
		{814EC598-C5BC-405D-8A58-9D97EB42A4D7}.Debug|Any CPU.ActiveCfg = Debug|Any CPU
		{814EC598-C5BC-405D-8A58-9D97EB42A4D7}.Debug|Any CPU.Build.0 = Debug|Any CPU
		{814EC598-C5BC-405D-8A58-9D97EB42A4D7}.Debug|x64.ActiveCfg = Debug|Any CPU
		{814EC598-C5BC-405D-8A58-9D97EB42A4D7}.Debug|x64.Build.0 = Debug|Any CPU
		{814EC598-C5BC-405D-8A58-9D97EB42A4D7}.Debug|x86.ActiveCfg = Debug|Any CPU
		{814EC598-C5BC-405D-8A58-9D97EB42A4D7}.Debug|x86.Build.0 = Debug|Any CPU
		{814EC598-C5BC-405D-8A58-9D97EB42A4D7}.Release|Any CPU.ActiveCfg = Release|Any CPU
		{814EC598-C5BC-405D-8A58-9D97EB42A4D7}.Release|Any CPU.Build.0 = Release|Any CPU
		{814EC598-C5BC-405D-8A58-9D97EB42A4D7}.Release|x64.ActiveCfg = Release|Any CPU
		{814EC598-C5BC-405D-8A58-9D97EB42A4D7}.Release|x64.Build.0 = Release|Any CPU
		{814EC598-C5BC-405D-8A58-9D97EB42A4D7}.Release|x86.ActiveCfg = Release|Any CPU
		{814EC598-C5BC-405D-8A58-9D97EB42A4D7}.Release|x86.Build.0 = Release|Any CPU
		{0758F0B7-5131-4A0F-8A7C-41A9497F36B0}.Debug|Any CPU.ActiveCfg = Debug|Any CPU
		{0758F0B7-5131-4A0F-8A7C-41A9497F36B0}.Debug|Any CPU.Build.0 = Debug|Any CPU
		{0758F0B7-5131-4A0F-8A7C-41A9497F36B0}.Debug|x64.ActiveCfg = Debug|Any CPU
		{0758F0B7-5131-4A0F-8A7C-41A9497F36B0}.Debug|x64.Build.0 = Debug|Any CPU
		{0758F0B7-5131-4A0F-8A7C-41A9497F36B0}.Debug|x86.ActiveCfg = Debug|Any CPU
		{0758F0B7-5131-4A0F-8A7C-41A9497F36B0}.Debug|x86.Build.0 = Debug|Any CPU
		{0758F0B7-5131-4A0F-8A7C-41A9497F36B0}.Release|Any CPU.ActiveCfg = Release|Any CPU
		{0758F0B7-5131-4A0F-8A7C-41A9497F36B0}.Release|Any CPU.Build.0 = Release|Any CPU
		{0758F0B7-5131-4A0F-8A7C-41A9497F36B0}.Release|x64.ActiveCfg = Release|Any CPU
		{0758F0B7-5131-4A0F-8A7C-41A9497F36B0}.Release|x64.Build.0 = Release|Any CPU
		{0758F0B7-5131-4A0F-8A7C-41A9497F36B0}.Release|x86.ActiveCfg = Release|Any CPU
		{0758F0B7-5131-4A0F-8A7C-41A9497F36B0}.Release|x86.Build.0 = Release|Any CPU
		{DC2FF77B-F3D0-4659-82DC-D2CD7BD46E04}.Debug|Any CPU.ActiveCfg = Debug|Any CPU
		{DC2FF77B-F3D0-4659-82DC-D2CD7BD46E04}.Debug|Any CPU.Build.0 = Debug|Any CPU
		{DC2FF77B-F3D0-4659-82DC-D2CD7BD46E04}.Debug|x64.ActiveCfg = Debug|Any CPU
		{DC2FF77B-F3D0-4659-82DC-D2CD7BD46E04}.Debug|x64.Build.0 = Debug|Any CPU
		{DC2FF77B-F3D0-4659-82DC-D2CD7BD46E04}.Debug|x86.ActiveCfg = Debug|Any CPU
		{DC2FF77B-F3D0-4659-82DC-D2CD7BD46E04}.Debug|x86.Build.0 = Debug|Any CPU
		{DC2FF77B-F3D0-4659-82DC-D2CD7BD46E04}.Release|Any CPU.ActiveCfg = Release|Any CPU
		{DC2FF77B-F3D0-4659-82DC-D2CD7BD46E04}.Release|Any CPU.Build.0 = Release|Any CPU
		{DC2FF77B-F3D0-4659-82DC-D2CD7BD46E04}.Release|x64.ActiveCfg = Release|Any CPU
		{DC2FF77B-F3D0-4659-82DC-D2CD7BD46E04}.Release|x64.Build.0 = Release|Any CPU
		{DC2FF77B-F3D0-4659-82DC-D2CD7BD46E04}.Release|x86.ActiveCfg = Release|Any CPU
		{DC2FF77B-F3D0-4659-82DC-D2CD7BD46E04}.Release|x86.Build.0 = Release|Any CPU
		{55B65E0B-285F-4AD2-939F-E8312DFEF65D}.Debug|Any CPU.ActiveCfg = Debug|Any CPU
		{55B65E0B-285F-4AD2-939F-E8312DFEF65D}.Debug|Any CPU.Build.0 = Debug|Any CPU
		{55B65E0B-285F-4AD2-939F-E8312DFEF65D}.Debug|x64.ActiveCfg = Debug|Any CPU
		{55B65E0B-285F-4AD2-939F-E8312DFEF65D}.Debug|x64.Build.0 = Debug|Any CPU
		{55B65E0B-285F-4AD2-939F-E8312DFEF65D}.Debug|x86.ActiveCfg = Debug|Any CPU
		{55B65E0B-285F-4AD2-939F-E8312DFEF65D}.Debug|x86.Build.0 = Debug|Any CPU
		{55B65E0B-285F-4AD2-939F-E8312DFEF65D}.Release|Any CPU.ActiveCfg = Release|Any CPU
		{55B65E0B-285F-4AD2-939F-E8312DFEF65D}.Release|Any CPU.Build.0 = Release|Any CPU
		{55B65E0B-285F-4AD2-939F-E8312DFEF65D}.Release|x64.ActiveCfg = Release|Any CPU
		{55B65E0B-285F-4AD2-939F-E8312DFEF65D}.Release|x64.Build.0 = Release|Any CPU
		{55B65E0B-285F-4AD2-939F-E8312DFEF65D}.Release|x86.ActiveCfg = Release|Any CPU
		{55B65E0B-285F-4AD2-939F-E8312DFEF65D}.Release|x86.Build.0 = Release|Any CPU
		{C75635FC-442F-49BB-96DC-87CB8260B5AB}.Debug|Any CPU.ActiveCfg = Debug|Any CPU
		{C75635FC-442F-49BB-96DC-87CB8260B5AB}.Debug|Any CPU.Build.0 = Debug|Any CPU
		{C75635FC-442F-49BB-96DC-87CB8260B5AB}.Debug|x64.ActiveCfg = Debug|Any CPU
		{C75635FC-442F-49BB-96DC-87CB8260B5AB}.Debug|x64.Build.0 = Debug|Any CPU
		{C75635FC-442F-49BB-96DC-87CB8260B5AB}.Debug|x86.ActiveCfg = Debug|Any CPU
		{C75635FC-442F-49BB-96DC-87CB8260B5AB}.Debug|x86.Build.0 = Debug|Any CPU
		{C75635FC-442F-49BB-96DC-87CB8260B5AB}.Release|Any CPU.ActiveCfg = Release|Any CPU
		{C75635FC-442F-49BB-96DC-87CB8260B5AB}.Release|Any CPU.Build.0 = Release|Any CPU
		{C75635FC-442F-49BB-96DC-87CB8260B5AB}.Release|x64.ActiveCfg = Release|Any CPU
		{C75635FC-442F-49BB-96DC-87CB8260B5AB}.Release|x64.Build.0 = Release|Any CPU
		{C75635FC-442F-49BB-96DC-87CB8260B5AB}.Release|x86.ActiveCfg = Release|Any CPU
		{C75635FC-442F-49BB-96DC-87CB8260B5AB}.Release|x86.Build.0 = Release|Any CPU
		{1CAC8D44-F2E8-42E9-85D5-FCE7586B5886}.Debug|Any CPU.ActiveCfg = Debug|Any CPU
		{1CAC8D44-F2E8-42E9-85D5-FCE7586B5886}.Debug|Any CPU.Build.0 = Debug|Any CPU
		{1CAC8D44-F2E8-42E9-85D5-FCE7586B5886}.Debug|x64.ActiveCfg = Debug|Any CPU
		{1CAC8D44-F2E8-42E9-85D5-FCE7586B5886}.Debug|x64.Build.0 = Debug|Any CPU
		{1CAC8D44-F2E8-42E9-85D5-FCE7586B5886}.Debug|x86.ActiveCfg = Debug|Any CPU
		{1CAC8D44-F2E8-42E9-85D5-FCE7586B5886}.Debug|x86.Build.0 = Debug|Any CPU
		{1CAC8D44-F2E8-42E9-85D5-FCE7586B5886}.Release|Any CPU.ActiveCfg = Release|Any CPU
		{1CAC8D44-F2E8-42E9-85D5-FCE7586B5886}.Release|Any CPU.Build.0 = Release|Any CPU
		{1CAC8D44-F2E8-42E9-85D5-FCE7586B5886}.Release|x64.ActiveCfg = Release|Any CPU
		{1CAC8D44-F2E8-42E9-85D5-FCE7586B5886}.Release|x64.Build.0 = Release|Any CPU
		{1CAC8D44-F2E8-42E9-85D5-FCE7586B5886}.Release|x86.ActiveCfg = Release|Any CPU
		{1CAC8D44-F2E8-42E9-85D5-FCE7586B5886}.Release|x86.Build.0 = Release|Any CPU
		{FD5C35C3-8F2D-42D7-88EF-2C4B4859EEAA}.Debug|Any CPU.ActiveCfg = Debug|Any CPU
		{FD5C35C3-8F2D-42D7-88EF-2C4B4859EEAA}.Debug|Any CPU.Build.0 = Debug|Any CPU
		{FD5C35C3-8F2D-42D7-88EF-2C4B4859EEAA}.Debug|x64.ActiveCfg = Debug|Any CPU
		{FD5C35C3-8F2D-42D7-88EF-2C4B4859EEAA}.Debug|x64.Build.0 = Debug|Any CPU
		{FD5C35C3-8F2D-42D7-88EF-2C4B4859EEAA}.Debug|x86.ActiveCfg = Debug|Any CPU
		{FD5C35C3-8F2D-42D7-88EF-2C4B4859EEAA}.Debug|x86.Build.0 = Debug|Any CPU
		{FD5C35C3-8F2D-42D7-88EF-2C4B4859EEAA}.Release|Any CPU.ActiveCfg = Release|Any CPU
		{FD5C35C3-8F2D-42D7-88EF-2C4B4859EEAA}.Release|Any CPU.Build.0 = Release|Any CPU
		{FD5C35C3-8F2D-42D7-88EF-2C4B4859EEAA}.Release|x64.ActiveCfg = Release|Any CPU
		{FD5C35C3-8F2D-42D7-88EF-2C4B4859EEAA}.Release|x64.Build.0 = Release|Any CPU
		{FD5C35C3-8F2D-42D7-88EF-2C4B4859EEAA}.Release|x86.ActiveCfg = Release|Any CPU
		{FD5C35C3-8F2D-42D7-88EF-2C4B4859EEAA}.Release|x86.Build.0 = Release|Any CPU
		{81AA6345-2D3C-4AA3-A9E2-38CA507C949E}.Debug|Any CPU.ActiveCfg = Debug|Any CPU
		{81AA6345-2D3C-4AA3-A9E2-38CA507C949E}.Debug|Any CPU.Build.0 = Debug|Any CPU
		{81AA6345-2D3C-4AA3-A9E2-38CA507C949E}.Debug|x64.ActiveCfg = Debug|Any CPU
		{81AA6345-2D3C-4AA3-A9E2-38CA507C949E}.Debug|x64.Build.0 = Debug|Any CPU
		{81AA6345-2D3C-4AA3-A9E2-38CA507C949E}.Debug|x86.ActiveCfg = Debug|Any CPU
		{81AA6345-2D3C-4AA3-A9E2-38CA507C949E}.Debug|x86.Build.0 = Debug|Any CPU
		{81AA6345-2D3C-4AA3-A9E2-38CA507C949E}.Release|Any CPU.ActiveCfg = Release|Any CPU
		{81AA6345-2D3C-4AA3-A9E2-38CA507C949E}.Release|Any CPU.Build.0 = Release|Any CPU
		{81AA6345-2D3C-4AA3-A9E2-38CA507C949E}.Release|x64.ActiveCfg = Release|Any CPU
		{81AA6345-2D3C-4AA3-A9E2-38CA507C949E}.Release|x64.Build.0 = Release|Any CPU
		{81AA6345-2D3C-4AA3-A9E2-38CA507C949E}.Release|x86.ActiveCfg = Release|Any CPU
		{81AA6345-2D3C-4AA3-A9E2-38CA507C949E}.Release|x86.Build.0 = Release|Any CPU
		{926124D5-A350-410E-B744-DC47A69C635F}.Debug|Any CPU.ActiveCfg = Debug|Any CPU
		{926124D5-A350-410E-B744-DC47A69C635F}.Debug|Any CPU.Build.0 = Debug|Any CPU
		{926124D5-A350-410E-B744-DC47A69C635F}.Debug|x64.ActiveCfg = Debug|Any CPU
		{926124D5-A350-410E-B744-DC47A69C635F}.Debug|x64.Build.0 = Debug|Any CPU
		{926124D5-A350-410E-B744-DC47A69C635F}.Debug|x86.ActiveCfg = Debug|Any CPU
		{926124D5-A350-410E-B744-DC47A69C635F}.Debug|x86.Build.0 = Debug|Any CPU
		{926124D5-A350-410E-B744-DC47A69C635F}.Release|Any CPU.ActiveCfg = Release|Any CPU
		{926124D5-A350-410E-B744-DC47A69C635F}.Release|Any CPU.Build.0 = Release|Any CPU
		{926124D5-A350-410E-B744-DC47A69C635F}.Release|x64.ActiveCfg = Release|Any CPU
		{926124D5-A350-410E-B744-DC47A69C635F}.Release|x64.Build.0 = Release|Any CPU
		{926124D5-A350-410E-B744-DC47A69C635F}.Release|x86.ActiveCfg = Release|Any CPU
		{926124D5-A350-410E-B744-DC47A69C635F}.Release|x86.Build.0 = Release|Any CPU
		{CA19D592-0851-4390-91B1-EEB64D3E4AEF}.Debug|Any CPU.ActiveCfg = Debug|Any CPU
		{CA19D592-0851-4390-91B1-EEB64D3E4AEF}.Debug|Any CPU.Build.0 = Debug|Any CPU
		{CA19D592-0851-4390-91B1-EEB64D3E4AEF}.Debug|x64.ActiveCfg = Debug|Any CPU
		{CA19D592-0851-4390-91B1-EEB64D3E4AEF}.Debug|x64.Build.0 = Debug|Any CPU
		{CA19D592-0851-4390-91B1-EEB64D3E4AEF}.Debug|x86.ActiveCfg = Debug|Any CPU
		{CA19D592-0851-4390-91B1-EEB64D3E4AEF}.Debug|x86.Build.0 = Debug|Any CPU
		{CA19D592-0851-4390-91B1-EEB64D3E4AEF}.Release|Any CPU.ActiveCfg = Release|Any CPU
		{CA19D592-0851-4390-91B1-EEB64D3E4AEF}.Release|Any CPU.Build.0 = Release|Any CPU
		{CA19D592-0851-4390-91B1-EEB64D3E4AEF}.Release|x64.ActiveCfg = Release|Any CPU
		{CA19D592-0851-4390-91B1-EEB64D3E4AEF}.Release|x64.Build.0 = Release|Any CPU
		{CA19D592-0851-4390-91B1-EEB64D3E4AEF}.Release|x86.ActiveCfg = Release|Any CPU
		{CA19D592-0851-4390-91B1-EEB64D3E4AEF}.Release|x86.Build.0 = Release|Any CPU
		{379256A3-0025-44AF-AB7F-5D24F6D20AD8}.Debug|Any CPU.ActiveCfg = Debug|Any CPU
		{379256A3-0025-44AF-AB7F-5D24F6D20AD8}.Debug|Any CPU.Build.0 = Debug|Any CPU
		{379256A3-0025-44AF-AB7F-5D24F6D20AD8}.Debug|x64.ActiveCfg = Debug|Any CPU
		{379256A3-0025-44AF-AB7F-5D24F6D20AD8}.Debug|x64.Build.0 = Debug|Any CPU
		{379256A3-0025-44AF-AB7F-5D24F6D20AD8}.Debug|x86.ActiveCfg = Debug|Any CPU
		{379256A3-0025-44AF-AB7F-5D24F6D20AD8}.Debug|x86.Build.0 = Debug|Any CPU
		{379256A3-0025-44AF-AB7F-5D24F6D20AD8}.Release|Any CPU.ActiveCfg = Release|Any CPU
		{379256A3-0025-44AF-AB7F-5D24F6D20AD8}.Release|Any CPU.Build.0 = Release|Any CPU
		{379256A3-0025-44AF-AB7F-5D24F6D20AD8}.Release|x64.ActiveCfg = Release|Any CPU
		{379256A3-0025-44AF-AB7F-5D24F6D20AD8}.Release|x64.Build.0 = Release|Any CPU
		{379256A3-0025-44AF-AB7F-5D24F6D20AD8}.Release|x86.ActiveCfg = Release|Any CPU
		{379256A3-0025-44AF-AB7F-5D24F6D20AD8}.Release|x86.Build.0 = Release|Any CPU
	EndGlobalSection
EndGlobal
